// !$*UTF8*$!
{
	archiveVersion = 1;
	classes = {
	};
	objectVersion = 56;
	objects = {

/* Begin PBXBuildFile section */
		1429327929AF8982009B9B7F /* KuDefaultButton.swift in Sources */ = {isa = PBXBuildFile; fileRef = 1429327829AF8982009B9B7F /* KuDefaultButton.swift */; };
		1429327D29AF8C07009B9B7F /* HomeViewModel.swift in Sources */ = {isa = PBXBuildFile; fileRef = 1429327C29AF8C07009B9B7F /* HomeViewModel.swift */; };
		1429327F29AF8C13009B9B7F /* KonkukInfoListViewController.swift in Sources */ = {isa = PBXBuildFile; fileRef = 1429327E29AF8C13009B9B7F /* KonkukInfoListViewController.swift */; };
		1429328329AF8C22009B9B7F /* GuideViewController.swift in Sources */ = {isa = PBXBuildFile; fileRef = 1429328229AF8C22009B9B7F /* GuideViewController.swift */; };
		1429328729AF8C2E009B9B7F /* SettingViewController.swift in Sources */ = {isa = PBXBuildFile; fileRef = 1429328629AF8C2E009B9B7F /* SettingViewController.swift */; };
		1429328B29AF8C41009B9B7F /* ARGameViewController.swift in Sources */ = {isa = PBXBuildFile; fileRef = 1429328A29AF8C41009B9B7F /* ARGameViewController.swift */; };
		1429329A29AF9222009B9B7F /* UIControl+Combine.swift in Sources */ = {isa = PBXBuildFile; fileRef = 1429329929AF9222009B9B7F /* UIControl+Combine.swift */; };
		142A2F3E29AF34C900ACFFDD /* AppDelegate.swift in Sources */ = {isa = PBXBuildFile; fileRef = 142A2F3D29AF34C900ACFFDD /* AppDelegate.swift */; };
		142A2F4029AF34C900ACFFDD /* SceneDelegate.swift in Sources */ = {isa = PBXBuildFile; fileRef = 142A2F3F29AF34C900ACFFDD /* SceneDelegate.swift */; };
		142A2F4229AF34C900ACFFDD /* HomeViewController.swift in Sources */ = {isa = PBXBuildFile; fileRef = 142A2F4129AF34C900ACFFDD /* HomeViewController.swift */; };
		142A2F4729AF34CA00ACFFDD /* Assets.xcassets in Resources */ = {isa = PBXBuildFile; fileRef = 142A2F4629AF34CA00ACFFDD /* Assets.xcassets */; };
		142A2F4A29AF34CA00ACFFDD /* LaunchScreen.storyboard in Resources */ = {isa = PBXBuildFile; fileRef = 142A2F4829AF34CA00ACFFDD /* LaunchScreen.storyboard */; };
		142A2F5329AF4A0400ACFFDD /* PinLayout in Frameworks */ = {isa = PBXBuildFile; productRef = 142A2F5229AF4A0400ACFFDD /* PinLayout */; };
		142F017E29B08026001D5DCD /* SettingView.swift in Sources */ = {isa = PBXBuildFile; fileRef = 142F017D29B08026001D5DCD /* SettingView.swift */; };
		142F018129B084EB001D5DCD /* SettingSection.swift in Sources */ = {isa = PBXBuildFile; fileRef = 142F018029B084EB001D5DCD /* SettingSection.swift */; };
		142F018329B084FF001D5DCD /* SettingCellKind.swift in Sources */ = {isa = PBXBuildFile; fileRef = 142F018229B084FF001D5DCD /* SettingCellKind.swift */; };
		142F018529B08588001D5DCD /* AppInfoCellKind.swift in Sources */ = {isa = PBXBuildFile; fileRef = 142F018429B08588001D5DCD /* AppInfoCellKind.swift */; };
		142F018729B089CB001D5DCD /* SettingCell.swift in Sources */ = {isa = PBXBuildFile; fileRef = 142F018629B089CB001D5DCD /* SettingCell.swift */; };
		142F018929B089F6001D5DCD /* UITableViewCell.swift in Sources */ = {isa = PBXBuildFile; fileRef = 142F018829B089F6001D5DCD /* UITableViewCell.swift */; };
		145A289C29AF4F56008CCBC7 /* FlexLayout in Frameworks */ = {isa = PBXBuildFile; productRef = 145A289B29AF4F56008CCBC7 /* FlexLayout */; };
		145A28A729AF59AC008CCBC7 /* UserRepository.swift in Sources */ = {isa = PBXBuildFile; fileRef = 145A28A629AF59AC008CCBC7 /* UserRepository.swift */; };
		145A28A929AF59B2008CCBC7 /* UserUseCase.swift in Sources */ = {isa = PBXBuildFile; fileRef = 145A28A829AF59B2008CCBC7 /* UserUseCase.swift */; };
		145A28AD29AF5BB8008CCBC7 /* UIColor+.swift in Sources */ = {isa = PBXBuildFile; fileRef = 145A28AC29AF5BB8008CCBC7 /* UIColor+.swift */; };
		145A28B329AF5CA4008CCBC7 /* UIFont+.swift in Sources */ = {isa = PBXBuildFile; fileRef = 145A28B229AF5CA4008CCBC7 /* UIFont+.swift */; };
		145A28B529AF5DDF008CCBC7 /* UIImage+Icon.swift in Sources */ = {isa = PBXBuildFile; fileRef = 145A28B429AF5DDF008CCBC7 /* UIImage+Icon.swift */; };
		145A28BB29AF60A1008CCBC7 /* HomeView.swift in Sources */ = {isa = PBXBuildFile; fileRef = 145A28BA29AF60A1008CCBC7 /* HomeView.swift */; };
		14FE77D829B0364E00900EEC /* GuideInfo.swift in Sources */ = {isa = PBXBuildFile; fileRef = 14FE77D729B0364E00900EEC /* GuideInfo.swift */; };
		14FE77DC29B0367C00900EEC /* GuideView.swift in Sources */ = {isa = PBXBuildFile; fileRef = 14FE77DB29B0367C00900EEC /* GuideView.swift */; };
		14FE77DE29B0368100900EEC /* GuideViewModel.swift in Sources */ = {isa = PBXBuildFile; fileRef = 14FE77DD29B0368100900EEC /* GuideViewModel.swift */; };
		14FE77E529B03ADF00900EEC /* GuideCollectionCell.swift in Sources */ = {isa = PBXBuildFile; fileRef = 14FE77E429B03ADF00900EEC /* GuideCollectionCell.swift */; };
		14FE77E829B03B5000900EEC /* ReusableView.swift in Sources */ = {isa = PBXBuildFile; fileRef = 14FE77E729B03B5000900EEC /* ReusableView.swift */; };
		14FE77EB29B03B7400900EEC /* UICollectionViewCell.swift in Sources */ = {isa = PBXBuildFile; fileRef = 14FE77EA29B03B7400900EEC /* UICollectionViewCell.swift */; };
/* End PBXBuildFile section */

/* Begin PBXFileReference section */
		1429327829AF8982009B9B7F /* KuDefaultButton.swift */ = {isa = PBXFileReference; lastKnownFileType = sourcecode.swift; path = KuDefaultButton.swift; sourceTree = "<group>"; };
		1429327C29AF8C07009B9B7F /* HomeViewModel.swift */ = {isa = PBXFileReference; lastKnownFileType = sourcecode.swift; path = HomeViewModel.swift; sourceTree = "<group>"; };
		1429327E29AF8C13009B9B7F /* KonkukInfoListViewController.swift */ = {isa = PBXFileReference; lastKnownFileType = sourcecode.swift; path = KonkukInfoListViewController.swift; sourceTree = "<group>"; };
		1429328229AF8C22009B9B7F /* GuideViewController.swift */ = {isa = PBXFileReference; lastKnownFileType = sourcecode.swift; path = GuideViewController.swift; sourceTree = "<group>"; };
		1429328629AF8C2E009B9B7F /* SettingViewController.swift */ = {isa = PBXFileReference; lastKnownFileType = sourcecode.swift; path = SettingViewController.swift; sourceTree = "<group>"; };
		1429328A29AF8C41009B9B7F /* ARGameViewController.swift */ = {isa = PBXFileReference; lastKnownFileType = sourcecode.swift; path = ARGameViewController.swift; sourceTree = "<group>"; };
		1429329029AF8F4B009B9B7F /* .swiftlint.yml */ = {isa = PBXFileReference; lastKnownFileType = text.yaml; path = .swiftlint.yml; sourceTree = "<group>"; };
		1429329229AF8FF0009B9B7F /* .swiftlint.auto.yml */ = {isa = PBXFileReference; lastKnownFileType = text.yaml; path = .swiftlint.auto.yml; sourceTree = "<group>"; };
		1429329929AF9222009B9B7F /* UIControl+Combine.swift */ = {isa = PBXFileReference; lastKnownFileType = sourcecode.swift; path = "UIControl+Combine.swift"; sourceTree = "<group>"; };
		142A2F3A29AF34C900ACFFDD /* kukuku.app */ = {isa = PBXFileReference; explicitFileType = wrapper.application; includeInIndex = 0; path = kukuku.app; sourceTree = BUILT_PRODUCTS_DIR; };
		142A2F3D29AF34C900ACFFDD /* AppDelegate.swift */ = {isa = PBXFileReference; lastKnownFileType = sourcecode.swift; path = AppDelegate.swift; sourceTree = "<group>"; };
		142A2F3F29AF34C900ACFFDD /* SceneDelegate.swift */ = {isa = PBXFileReference; lastKnownFileType = sourcecode.swift; path = SceneDelegate.swift; sourceTree = "<group>"; };
		142A2F4129AF34C900ACFFDD /* HomeViewController.swift */ = {isa = PBXFileReference; lastKnownFileType = sourcecode.swift; path = HomeViewController.swift; sourceTree = "<group>"; };
		142A2F4629AF34CA00ACFFDD /* Assets.xcassets */ = {isa = PBXFileReference; lastKnownFileType = folder.assetcatalog; path = Assets.xcassets; sourceTree = "<group>"; };
		142A2F4929AF34CA00ACFFDD /* Base */ = {isa = PBXFileReference; lastKnownFileType = file.storyboard; name = Base; path = Base.lproj/LaunchScreen.storyboard; sourceTree = "<group>"; };
		142A2F4B29AF34CA00ACFFDD /* Info.plist */ = {isa = PBXFileReference; lastKnownFileType = text.plist.xml; path = Info.plist; sourceTree = "<group>"; };
		142F017D29B08026001D5DCD /* SettingView.swift */ = {isa = PBXFileReference; lastKnownFileType = sourcecode.swift; path = SettingView.swift; sourceTree = "<group>"; };
		142F018029B084EB001D5DCD /* SettingSection.swift */ = {isa = PBXFileReference; lastKnownFileType = sourcecode.swift; path = SettingSection.swift; sourceTree = "<group>"; };
		142F018229B084FF001D5DCD /* SettingCellKind.swift */ = {isa = PBXFileReference; lastKnownFileType = sourcecode.swift; path = SettingCellKind.swift; sourceTree = "<group>"; };
		142F018429B08588001D5DCD /* AppInfoCellKind.swift */ = {isa = PBXFileReference; lastKnownFileType = sourcecode.swift; path = AppInfoCellKind.swift; sourceTree = "<group>"; };
		142F018629B089CB001D5DCD /* SettingCell.swift */ = {isa = PBXFileReference; lastKnownFileType = sourcecode.swift; path = SettingCell.swift; sourceTree = "<group>"; };
		142F018829B089F6001D5DCD /* UITableViewCell.swift */ = {isa = PBXFileReference; lastKnownFileType = sourcecode.swift; path = UITableViewCell.swift; sourceTree = "<group>"; };
		145A28A629AF59AC008CCBC7 /* UserRepository.swift */ = {isa = PBXFileReference; lastKnownFileType = sourcecode.swift; path = UserRepository.swift; sourceTree = "<group>"; };
		145A28A829AF59B2008CCBC7 /* UserUseCase.swift */ = {isa = PBXFileReference; lastKnownFileType = sourcecode.swift; path = UserUseCase.swift; sourceTree = "<group>"; };
		145A28AC29AF5BB8008CCBC7 /* UIColor+.swift */ = {isa = PBXFileReference; lastKnownFileType = sourcecode.swift; path = "UIColor+.swift"; sourceTree = "<group>"; };
		145A28B229AF5CA4008CCBC7 /* UIFont+.swift */ = {isa = PBXFileReference; lastKnownFileType = sourcecode.swift; path = "UIFont+.swift"; sourceTree = "<group>"; };
		145A28B429AF5DDF008CCBC7 /* UIImage+Icon.swift */ = {isa = PBXFileReference; lastKnownFileType = sourcecode.swift; path = "UIImage+Icon.swift"; sourceTree = "<group>"; };
		145A28BA29AF60A1008CCBC7 /* HomeView.swift */ = {isa = PBXFileReference; lastKnownFileType = sourcecode.swift; path = HomeView.swift; sourceTree = "<group>"; };
		14FE77D729B0364E00900EEC /* GuideInfo.swift */ = {isa = PBXFileReference; lastKnownFileType = sourcecode.swift; path = GuideInfo.swift; sourceTree = "<group>"; };
		14FE77DB29B0367C00900EEC /* GuideView.swift */ = {isa = PBXFileReference; lastKnownFileType = sourcecode.swift; path = GuideView.swift; sourceTree = "<group>"; };
		14FE77DD29B0368100900EEC /* GuideViewModel.swift */ = {isa = PBXFileReference; lastKnownFileType = sourcecode.swift; path = GuideViewModel.swift; sourceTree = "<group>"; };
		14FE77E429B03ADF00900EEC /* GuideCollectionCell.swift */ = {isa = PBXFileReference; lastKnownFileType = sourcecode.swift; path = GuideCollectionCell.swift; sourceTree = "<group>"; };
		14FE77E729B03B5000900EEC /* ReusableView.swift */ = {isa = PBXFileReference; lastKnownFileType = sourcecode.swift; path = ReusableView.swift; sourceTree = "<group>"; };
		14FE77EA29B03B7400900EEC /* UICollectionViewCell.swift */ = {isa = PBXFileReference; lastKnownFileType = sourcecode.swift; path = UICollectionViewCell.swift; sourceTree = "<group>"; };
/* End PBXFileReference section */

/* Begin PBXFrameworksBuildPhase section */
		142A2F3729AF34C900ACFFDD /* Frameworks */ = {
			isa = PBXFrameworksBuildPhase;
			buildActionMask = 2147483647;
			files = (
				142A2F5329AF4A0400ACFFDD /* PinLayout in Frameworks */,
				145A289C29AF4F56008CCBC7 /* FlexLayout in Frameworks */,
			);
			runOnlyForDeploymentPostprocessing = 0;
		};
/* End PBXFrameworksBuildPhase section */

/* Begin PBXGroup section */
		1429327729AF8974009B9B7F /* Common */ = {
			isa = PBXGroup;
			children = (
				1429327829AF8982009B9B7F /* KuDefaultButton.swift */,
			);
			path = Common;
			sourceTree = "<group>";
		};
		1429327A29AF8BE7009B9B7F /* KonkukInfoList */ = {
			isa = PBXGroup;
			children = (
				1429327B29AF8BF7009B9B7F /* ViewController */,
			);
			path = KonkukInfoList;
			sourceTree = "<group>";
		};
		1429327B29AF8BF7009B9B7F /* ViewController */ = {
			isa = PBXGroup;
			children = (
				1429327E29AF8C13009B9B7F /* KonkukInfoListViewController.swift */,
			);
			path = ViewController;
			sourceTree = "<group>";
		};
		1429328029AF8C17009B9B7F /* Guide */ = {
			isa = PBXGroup;
			children = (
				14FE77DA29B0367500900EEC /* ViewModel */,
				1429328129AF8C1B009B9B7F /* ViewController */,
				14FE77D929B0366A00900EEC /* View */,
			);
			path = Guide;
			sourceTree = "<group>";
		};
		1429328129AF8C1B009B9B7F /* ViewController */ = {
			isa = PBXGroup;
			children = (
				1429328229AF8C22009B9B7F /* GuideViewController.swift */,
			);
			path = ViewController;
			sourceTree = "<group>";
		};
		1429328429AF8C25009B9B7F /* Setting */ = {
			isa = PBXGroup;
			children = (
				142F017C29B0801B001D5DCD /* ViewModel */,
				1429328529AF8C27009B9B7F /* ViewController */,
				142F017B29B08019001D5DCD /* View */,
			);
			path = Setting;
			sourceTree = "<group>";
		};
		1429328529AF8C27009B9B7F /* ViewController */ = {
			isa = PBXGroup;
			children = (
				1429328629AF8C2E009B9B7F /* SettingViewController.swift */,
			);
			path = ViewController;
			sourceTree = "<group>";
		};
		1429328829AF8C30009B9B7F /* ARGame */ = {
			isa = PBXGroup;
			children = (
				1429328929AF8C37009B9B7F /* ViewController */,
			);
			path = ARGame;
			sourceTree = "<group>";
		};
		1429328929AF8C37009B9B7F /* ViewController */ = {
			isa = PBXGroup;
			children = (
				1429328A29AF8C41009B9B7F /* ARGameViewController.swift */,
			);
			path = ViewController;
			sourceTree = "<group>";
		};
		1429329129AF8F79009B9B7F /* UI+Asset */ = {
			isa = PBXGroup;
			children = (
				145A28AC29AF5BB8008CCBC7 /* UIColor+.swift */,
				145A28B229AF5CA4008CCBC7 /* UIFont+.swift */,
				145A28B429AF5DDF008CCBC7 /* UIImage+Icon.swift */,
			);
			path = "UI+Asset";
			sourceTree = "<group>";
		};
		1429329429AF91D6009B9B7F /* Combine */ = {
			isa = PBXGroup;
			children = (
				1429329929AF9222009B9B7F /* UIControl+Combine.swift */,
			);
			path = Combine;
			sourceTree = "<group>";
		};
		142A2F3129AF34C900ACFFDD = {
			isa = PBXGroup;
			children = (
				1429329229AF8FF0009B9B7F /* .swiftlint.auto.yml */,
				1429329029AF8F4B009B9B7F /* .swiftlint.yml */,
				142A2F3C29AF34C900ACFFDD /* kukuku */,
				142A2F3B29AF34C900ACFFDD /* Products */,
			);
			sourceTree = "<group>";
		};
		142A2F3B29AF34C900ACFFDD /* Products */ = {
			isa = PBXGroup;
			children = (
				142A2F3A29AF34C900ACFFDD /* kukuku.app */,
			);
			name = Products;
			sourceTree = "<group>";
		};
		142A2F3C29AF34C900ACFFDD /* kukuku */ = {
			isa = PBXGroup;
			children = (
				145A28A129AF5912008CCBC7 /* App */,
				145A28A229AF5916008CCBC7 /* Presentation */,
				145A28A329AF5919008CCBC7 /* Domain */,
				145A28A429AF5927008CCBC7 /* Data */,
				145A28AA29AF5B9B008CCBC7 /* Util */,
				145A28A529AF5952008CCBC7 /* Resources */,
			);
			path = kukuku;
			sourceTree = "<group>";
		};
		142F017B29B08019001D5DCD /* View */ = {
			isa = PBXGroup;
			children = (
				142F017D29B08026001D5DCD /* SettingView.swift */,
				142F018629B089CB001D5DCD /* SettingCell.swift */,
			);
			path = View;
			sourceTree = "<group>";
		};
		142F017C29B0801B001D5DCD /* ViewModel */ = {
			isa = PBXGroup;
			children = (
				142F017F29B084DE001D5DCD /* Enum */,
			);
			path = ViewModel;
			sourceTree = "<group>";
		};
		142F017F29B084DE001D5DCD /* Enum */ = {
			isa = PBXGroup;
			children = (
				142F018029B084EB001D5DCD /* SettingSection.swift */,
				142F018229B084FF001D5DCD /* SettingCellKind.swift */,
				142F018429B08588001D5DCD /* AppInfoCellKind.swift */,
			);
			path = Enum;
			sourceTree = "<group>";
		};
		145A28A129AF5912008CCBC7 /* App */ = {
			isa = PBXGroup;
			children = (
				142A2F3D29AF34C900ACFFDD /* AppDelegate.swift */,
				142A2F3F29AF34C900ACFFDD /* SceneDelegate.swift */,
			);
			path = App;
			sourceTree = "<group>";
		};
		145A28A229AF5916008CCBC7 /* Presentation */ = {
			isa = PBXGroup;
			children = (
				1429327729AF8974009B9B7F /* Common */,
				145A28B629AF606A008CCBC7 /* Home */,
				1429328829AF8C30009B9B7F /* ARGame */,
				1429327A29AF8BE7009B9B7F /* KonkukInfoList */,
				1429328029AF8C17009B9B7F /* Guide */,
				1429328429AF8C25009B9B7F /* Setting */,
			);
			path = Presentation;
			sourceTree = "<group>";
		};
		145A28A329AF5919008CCBC7 /* Domain */ = {
			isa = PBXGroup;
			children = (
				14FE77D629B0362700900EEC /* UseCase */,
				14FE77D529B0362400900EEC /* Model */,
			);
			path = Domain;
			sourceTree = "<group>";
		};
		145A28A429AF5927008CCBC7 /* Data */ = {
			isa = PBXGroup;
			children = (
				145A28A629AF59AC008CCBC7 /* UserRepository.swift */,
			);
			path = Data;
			sourceTree = "<group>";
		};
		145A28A529AF5952008CCBC7 /* Resources */ = {
			isa = PBXGroup;
			children = (
				142A2F4B29AF34CA00ACFFDD /* Info.plist */,
				142A2F4829AF34CA00ACFFDD /* LaunchScreen.storyboard */,
				142A2F4629AF34CA00ACFFDD /* Assets.xcassets */,
			);
			path = Resources;
			sourceTree = "<group>";
		};
		145A28AA29AF5B9B008CCBC7 /* Util */ = {
			isa = PBXGroup;
			children = (
				14FE77E629B03B4300900EEC /* Protocol */,
				145A28AB29AF5BA8008CCBC7 /* Extension */,
			);
			path = Util;
			sourceTree = "<group>";
		};
		145A28AB29AF5BA8008CCBC7 /* Extension */ = {
			isa = PBXGroup;
			children = (
				14FE77E929B03B5600900EEC /* UI */,
				1429329429AF91D6009B9B7F /* Combine */,
				1429329129AF8F79009B9B7F /* UI+Asset */,
			);
			path = Extension;
			sourceTree = "<group>";
		};
		145A28B629AF606A008CCBC7 /* Home */ = {
			isa = PBXGroup;
			children = (
				145A28B929AF6077008CCBC7 /* ViewModel */,
				145A28B829AF6074008CCBC7 /* ViewController */,
				145A28B729AF6072008CCBC7 /* View */,
			);
			path = Home;
			sourceTree = "<group>";
		};
		145A28B729AF6072008CCBC7 /* View */ = {
			isa = PBXGroup;
			children = (
				145A28BA29AF60A1008CCBC7 /* HomeView.swift */,
			);
			path = View;
			sourceTree = "<group>";
		};
		145A28B829AF6074008CCBC7 /* ViewController */ = {
			isa = PBXGroup;
			children = (
				142A2F4129AF34C900ACFFDD /* HomeViewController.swift */,
			);
			path = ViewController;
			sourceTree = "<group>";
		};
		145A28B929AF6077008CCBC7 /* ViewModel */ = {
			isa = PBXGroup;
			children = (
				1429327C29AF8C07009B9B7F /* HomeViewModel.swift */,
			);
			path = ViewModel;
			sourceTree = "<group>";
		};
		14FE77D529B0362400900EEC /* Model */ = {
			isa = PBXGroup;
			children = (
				14FE77D729B0364E00900EEC /* GuideInfo.swift */,
			);
			path = Model;
			sourceTree = "<group>";
		};
		14FE77D629B0362700900EEC /* UseCase */ = {
			isa = PBXGroup;
			children = (
				145A28A829AF59B2008CCBC7 /* UserUseCase.swift */,
			);
			path = UseCase;
			sourceTree = "<group>";
		};
		14FE77D929B0366A00900EEC /* View */ = {
			isa = PBXGroup;
			children = (
				14FE77E329B03AC400900EEC /* Cell */,
				14FE77DB29B0367C00900EEC /* GuideView.swift */,
			);
			path = View;
			sourceTree = "<group>";
		};
		14FE77DA29B0367500900EEC /* ViewModel */ = {
			isa = PBXGroup;
			children = (
				14FE77DD29B0368100900EEC /* GuideViewModel.swift */,
			);
			path = ViewModel;
			sourceTree = "<group>";
		};
		14FE77E329B03AC400900EEC /* Cell */ = {
			isa = PBXGroup;
			children = (
				14FE77E429B03ADF00900EEC /* GuideCollectionCell.swift */,
			);
			path = Cell;
			sourceTree = "<group>";
		};
		14FE77E629B03B4300900EEC /* Protocol */ = {
			isa = PBXGroup;
			children = (
				14FE77E729B03B5000900EEC /* ReusableView.swift */,
			);
			path = Protocol;
			sourceTree = "<group>";
		};
		14FE77E929B03B5600900EEC /* UI */ = {
			isa = PBXGroup;
			children = (
				14FE77EA29B03B7400900EEC /* UICollectionViewCell.swift */,
				142F018829B089F6001D5DCD /* UITableViewCell.swift */,
			);
			path = UI;
			sourceTree = "<group>";
		};
/* End PBXGroup section */

/* Begin PBXNativeTarget section */
		142A2F3929AF34C900ACFFDD /* kukuku */ = {
			isa = PBXNativeTarget;
			buildConfigurationList = 142A2F4E29AF34CA00ACFFDD /* Build configuration list for PBXNativeTarget "kukuku" */;
			buildPhases = (
				142A2F3629AF34C900ACFFDD /* Sources */,
				142A2F3729AF34C900ACFFDD /* Frameworks */,
				142A2F3829AF34C900ACFFDD /* Resources */,
				1429329329AF900B009B9B7F /* Swift Lint */,
			);
			buildRules = (
			);
			dependencies = (
			);
			name = kukuku;
			packageProductDependencies = (
				142A2F5229AF4A0400ACFFDD /* PinLayout */,
				145A289B29AF4F56008CCBC7 /* FlexLayout */,
			);
			productName = kukuku;
			productReference = 142A2F3A29AF34C900ACFFDD /* kukuku.app */;
			productType = "com.apple.product-type.application";
		};
/* End PBXNativeTarget section */

/* Begin PBXProject section */
		142A2F3229AF34C900ACFFDD /* Project object */ = {
			isa = PBXProject;
			attributes = {
				BuildIndependentTargetsInParallel = 1;
				LastSwiftUpdateCheck = 1420;
				LastUpgradeCheck = 1420;
				TargetAttributes = {
					142A2F3929AF34C900ACFFDD = {
						CreatedOnToolsVersion = 14.2;
					};
				};
			};
			buildConfigurationList = 142A2F3529AF34C900ACFFDD /* Build configuration list for PBXProject "kukuku" */;
			compatibilityVersion = "Xcode 14.0";
			developmentRegion = en;
			hasScannedForEncodings = 0;
			knownRegions = (
				en,
				Base,
			);
			mainGroup = 142A2F3129AF34C900ACFFDD;
			packageReferences = (
				142A2F5129AF4A0400ACFFDD /* XCRemoteSwiftPackageReference "PinLayout" */,
				145A289A29AF4F56008CCBC7 /* XCRemoteSwiftPackageReference "FlexLayout" */,
			);
			productRefGroup = 142A2F3B29AF34C900ACFFDD /* Products */;
			projectDirPath = "";
			projectRoot = "";
			targets = (
				142A2F3929AF34C900ACFFDD /* kukuku */,
			);
		};
/* End PBXProject section */

/* Begin PBXResourcesBuildPhase section */
		142A2F3829AF34C900ACFFDD /* Resources */ = {
			isa = PBXResourcesBuildPhase;
			buildActionMask = 2147483647;
			files = (
				142A2F4A29AF34CA00ACFFDD /* LaunchScreen.storyboard in Resources */,
				142A2F4729AF34CA00ACFFDD /* Assets.xcassets in Resources */,
			);
			runOnlyForDeploymentPostprocessing = 0;
		};
/* End PBXResourcesBuildPhase section */

/* Begin PBXShellScriptBuildPhase section */
		1429329329AF900B009B9B7F /* Swift Lint */ = {
			isa = PBXShellScriptBuildPhase;
			alwaysOutOfDate = 1;
			buildActionMask = 2147483647;
			files = (
			);
			inputFileListPaths = (
			);
			inputPaths = (
			);
			name = "Swift Lint";
			outputFileListPaths = (
			);
			outputPaths = (
			);
			runOnlyForDeploymentPostprocessing = 0;
			shellPath = /bin/sh;
			shellScript = "export PATH=\"$PATH:/opt/homebrew/bin\"\nif which swiftlint > /dev/null; then\n  swiftlint --fix --config \".swiftlint.auto.yml\" && swiftlint\nelse\n  echo \"warning: SwiftLint not installed, download from https://github.com/realm/SwiftLint\"\nfi\n";
		};
/* End PBXShellScriptBuildPhase section */

/* Begin PBXSourcesBuildPhase section */
		142A2F3629AF34C900ACFFDD /* Sources */ = {
			isa = PBXSourcesBuildPhase;
			buildActionMask = 2147483647;
			files = (
				145A28BB29AF60A1008CCBC7 /* HomeView.swift in Sources */,
				1429327D29AF8C07009B9B7F /* HomeViewModel.swift in Sources */,
				142F018129B084EB001D5DCD /* SettingSection.swift in Sources */,
				142A2F4229AF34C900ACFFDD /* HomeViewController.swift in Sources */,
				145A28A929AF59B2008CCBC7 /* UserUseCase.swift in Sources */,
				142F018929B089F6001D5DCD /* UITableViewCell.swift in Sources */,
				142F017E29B08026001D5DCD /* SettingView.swift in Sources */,
				142A2F3E29AF34C900ACFFDD /* AppDelegate.swift in Sources */,
				1429328729AF8C2E009B9B7F /* SettingViewController.swift in Sources */,
				14FE77EB29B03B7400900EEC /* UICollectionViewCell.swift in Sources */,
				145A28B329AF5CA4008CCBC7 /* UIFont+.swift in Sources */,
				145A28A729AF59AC008CCBC7 /* UserRepository.swift in Sources */,
				14FE77DE29B0368100900EEC /* GuideViewModel.swift in Sources */,
				1429327F29AF8C13009B9B7F /* KonkukInfoListViewController.swift in Sources */,
				14FE77DC29B0367C00900EEC /* GuideView.swift in Sources */,
				1429329A29AF9222009B9B7F /* UIControl+Combine.swift in Sources */,
				14FE77E829B03B5000900EEC /* ReusableView.swift in Sources */,
				1429327929AF8982009B9B7F /* KuDefaultButton.swift in Sources */,
				145A28B529AF5DDF008CCBC7 /* UIImage+Icon.swift in Sources */,
				142F018329B084FF001D5DCD /* SettingCellKind.swift in Sources */,
				142A2F4029AF34C900ACFFDD /* SceneDelegate.swift in Sources */,
				14FE77D829B0364E00900EEC /* GuideInfo.swift in Sources */,
				142F018529B08588001D5DCD /* AppInfoCellKind.swift in Sources */,
				1429328329AF8C22009B9B7F /* GuideViewController.swift in Sources */,
				145A28AD29AF5BB8008CCBC7 /* UIColor+.swift in Sources */,
				14FE77E529B03ADF00900EEC /* GuideCollectionCell.swift in Sources */,
				1429328B29AF8C41009B9B7F /* ARGameViewController.swift in Sources */,
				142F018729B089CB001D5DCD /* SettingCell.swift in Sources */,
			);
			runOnlyForDeploymentPostprocessing = 0;
		};
/* End PBXSourcesBuildPhase section */

/* Begin PBXVariantGroup section */
		142A2F4829AF34CA00ACFFDD /* LaunchScreen.storyboard */ = {
			isa = PBXVariantGroup;
			children = (
				142A2F4929AF34CA00ACFFDD /* Base */,
			);
			name = LaunchScreen.storyboard;
			sourceTree = "<group>";
		};
/* End PBXVariantGroup section */

/* Begin XCBuildConfiguration section */
		142A2F4C29AF34CA00ACFFDD /* Debug */ = {
			isa = XCBuildConfiguration;
			buildSettings = {
				ALWAYS_SEARCH_USER_PATHS = NO;
				CLANG_ANALYZER_NONNULL = YES;
				CLANG_ANALYZER_NUMBER_OBJECT_CONVERSION = YES_AGGRESSIVE;
				CLANG_CXX_LANGUAGE_STANDARD = "gnu++20";
				CLANG_ENABLE_MODULES = YES;
				CLANG_ENABLE_OBJC_ARC = YES;
				CLANG_ENABLE_OBJC_WEAK = YES;
				CLANG_WARN_BLOCK_CAPTURE_AUTORELEASING = YES;
				CLANG_WARN_BOOL_CONVERSION = YES;
				CLANG_WARN_COMMA = YES;
				CLANG_WARN_CONSTANT_CONVERSION = YES;
				CLANG_WARN_DEPRECATED_OBJC_IMPLEMENTATIONS = YES;
				CLANG_WARN_DIRECT_OBJC_ISA_USAGE = YES_ERROR;
				CLANG_WARN_DOCUMENTATION_COMMENTS = YES;
				CLANG_WARN_EMPTY_BODY = YES;
				CLANG_WARN_ENUM_CONVERSION = YES;
				CLANG_WARN_INFINITE_RECURSION = YES;
				CLANG_WARN_INT_CONVERSION = YES;
				CLANG_WARN_NON_LITERAL_NULL_CONVERSION = YES;
				CLANG_WARN_OBJC_IMPLICIT_RETAIN_SELF = YES;
				CLANG_WARN_OBJC_LITERAL_CONVERSION = YES;
				CLANG_WARN_OBJC_ROOT_CLASS = YES_ERROR;
				CLANG_WARN_QUOTED_INCLUDE_IN_FRAMEWORK_HEADER = YES;
				CLANG_WARN_RANGE_LOOP_ANALYSIS = YES;
				CLANG_WARN_STRICT_PROTOTYPES = YES;
				CLANG_WARN_SUSPICIOUS_MOVE = YES;
				CLANG_WARN_UNGUARDED_AVAILABILITY = YES_AGGRESSIVE;
				CLANG_WARN_UNREACHABLE_CODE = YES;
				CLANG_WARN__DUPLICATE_METHOD_MATCH = YES;
				COPY_PHASE_STRIP = NO;
				DEBUG_INFORMATION_FORMAT = dwarf;
				ENABLE_STRICT_OBJC_MSGSEND = YES;
				ENABLE_TESTABILITY = YES;
				GCC_C_LANGUAGE_STANDARD = gnu11;
				GCC_DYNAMIC_NO_PIC = NO;
				GCC_NO_COMMON_BLOCKS = YES;
				GCC_OPTIMIZATION_LEVEL = 0;
				GCC_PREPROCESSOR_DEFINITIONS = (
					"DEBUG=1",
					"$(inherited)",
				);
				"GCC_PREPROCESSOR_DEFINITIONS[arch=*]" = "";
				GCC_WARN_64_TO_32_BIT_CONVERSION = YES;
				GCC_WARN_ABOUT_RETURN_TYPE = YES_ERROR;
				GCC_WARN_UNDECLARED_SELECTOR = YES;
				GCC_WARN_UNINITIALIZED_AUTOS = YES_AGGRESSIVE;
				GCC_WARN_UNUSED_FUNCTION = YES;
				GCC_WARN_UNUSED_VARIABLE = YES;
				IPHONEOS_DEPLOYMENT_TARGET = 16.2;
				MTL_ENABLE_DEBUG_INFO = INCLUDE_SOURCE;
				MTL_FAST_MATH = YES;
				ONLY_ACTIVE_ARCH = YES;
				SDKROOT = iphoneos;
				SWIFT_ACTIVE_COMPILATION_CONDITIONS = DEBUG;
				SWIFT_OPTIMIZATION_LEVEL = "-Onone";
			};
			name = Debug;
		};
		142A2F4D29AF34CA00ACFFDD /* Release */ = {
			isa = XCBuildConfiguration;
			buildSettings = {
				ALWAYS_SEARCH_USER_PATHS = NO;
				CLANG_ANALYZER_NONNULL = YES;
				CLANG_ANALYZER_NUMBER_OBJECT_CONVERSION = YES_AGGRESSIVE;
				CLANG_CXX_LANGUAGE_STANDARD = "gnu++20";
				CLANG_ENABLE_MODULES = YES;
				CLANG_ENABLE_OBJC_ARC = YES;
				CLANG_ENABLE_OBJC_WEAK = YES;
				CLANG_WARN_BLOCK_CAPTURE_AUTORELEASING = YES;
				CLANG_WARN_BOOL_CONVERSION = YES;
				CLANG_WARN_COMMA = YES;
				CLANG_WARN_CONSTANT_CONVERSION = YES;
				CLANG_WARN_DEPRECATED_OBJC_IMPLEMENTATIONS = YES;
				CLANG_WARN_DIRECT_OBJC_ISA_USAGE = YES_ERROR;
				CLANG_WARN_DOCUMENTATION_COMMENTS = YES;
				CLANG_WARN_EMPTY_BODY = YES;
				CLANG_WARN_ENUM_CONVERSION = YES;
				CLANG_WARN_INFINITE_RECURSION = YES;
				CLANG_WARN_INT_CONVERSION = YES;
				CLANG_WARN_NON_LITERAL_NULL_CONVERSION = YES;
				CLANG_WARN_OBJC_IMPLICIT_RETAIN_SELF = YES;
				CLANG_WARN_OBJC_LITERAL_CONVERSION = YES;
				CLANG_WARN_OBJC_ROOT_CLASS = YES_ERROR;
				CLANG_WARN_QUOTED_INCLUDE_IN_FRAMEWORK_HEADER = YES;
				CLANG_WARN_RANGE_LOOP_ANALYSIS = YES;
				CLANG_WARN_STRICT_PROTOTYPES = YES;
				CLANG_WARN_SUSPICIOUS_MOVE = YES;
				CLANG_WARN_UNGUARDED_AVAILABILITY = YES_AGGRESSIVE;
				CLANG_WARN_UNREACHABLE_CODE = YES;
				CLANG_WARN__DUPLICATE_METHOD_MATCH = YES;
				COPY_PHASE_STRIP = NO;
				DEBUG_INFORMATION_FORMAT = "dwarf-with-dsym";
				ENABLE_NS_ASSERTIONS = NO;
				ENABLE_STRICT_OBJC_MSGSEND = YES;
				GCC_C_LANGUAGE_STANDARD = gnu11;
				GCC_NO_COMMON_BLOCKS = YES;
				GCC_WARN_64_TO_32_BIT_CONVERSION = YES;
				GCC_WARN_ABOUT_RETURN_TYPE = YES_ERROR;
				GCC_WARN_UNDECLARED_SELECTOR = YES;
				GCC_WARN_UNINITIALIZED_AUTOS = YES_AGGRESSIVE;
				GCC_WARN_UNUSED_FUNCTION = YES;
				GCC_WARN_UNUSED_VARIABLE = YES;
				IPHONEOS_DEPLOYMENT_TARGET = 16.2;
				MTL_ENABLE_DEBUG_INFO = NO;
				MTL_FAST_MATH = YES;
				SDKROOT = iphoneos;
				SWIFT_COMPILATION_MODE = wholemodule;
				SWIFT_OPTIMIZATION_LEVEL = "-O";
				VALIDATE_PRODUCT = YES;
			};
			name = Release;
		};
		142A2F4F29AF34CA00ACFFDD /* Debug */ = {
			isa = XCBuildConfiguration;
			buildSettings = {
				ASSETCATALOG_COMPILER_APPICON_NAME = AppIcon;
				ASSETCATALOG_COMPILER_GLOBAL_ACCENT_COLOR_NAME = AccentColor;
				CODE_SIGN_STYLE = Automatic;
				CURRENT_PROJECT_VERSION = 1;
				DEVELOPMENT_TEAM = YK6FBNFSV5;
				"GCC_PREPROCESSOR_DEFINITIONS[arch=*]" = "FLEXLAYOUT_SWIFT_PACKAGE=1";
				GENERATE_INFOPLIST_FILE = YES;
				INFOPLIST_FILE = kukuku/Info.plist;
				INFOPLIST_KEY_NSCameraUsageDescription = "AR 기능을 이용하기 위해 위치 정보가 필요합니다";
				INFOPLIST_KEY_NSLocationWhenInUseUsageDescription = "AR 기능을 이용하기 위해 카메라 권한이 필요합니다.";
				INFOPLIST_KEY_UIApplicationSupportsIndirectInputEvents = YES;
				INFOPLIST_KEY_UILaunchStoryboardName = LaunchScreen;
				INFOPLIST_KEY_UISupportedInterfaceOrientations = UIInterfaceOrientationPortrait;
				INFOPLIST_KEY_UISupportedInterfaceOrientations_iPad = "UIInterfaceOrientationLandscapeLeft UIInterfaceOrientationLandscapeRight UIInterfaceOrientationPortrait UIInterfaceOrientationPortraitUpsideDown";
				IPHONEOS_DEPLOYMENT_TARGET = 15.0;
				LD_RUNPATH_SEARCH_PATHS = (
					"$(inherited)",
					"@executable_path/Frameworks",
				);
				MARKETING_VERSION = 1.0;
				PRODUCT_BUNDLE_IDENTIFIER = com.youtak.kukuku;
				PRODUCT_NAME = "$(TARGET_NAME)";
				SUPPORTED_PLATFORMS = "iphoneos iphonesimulator";
				SUPPORTS_MACCATALYST = NO;
				SUPPORTS_MAC_DESIGNED_FOR_IPHONE_IPAD = NO;
				SWIFT_EMIT_LOC_STRINGS = YES;
				SWIFT_VERSION = 5.0;
				TARGETED_DEVICE_FAMILY = 1;
			};
			name = Debug;
		};
		142A2F5029AF34CA00ACFFDD /* Release */ = {
			isa = XCBuildConfiguration;
			buildSettings = {
				ASSETCATALOG_COMPILER_APPICON_NAME = AppIcon;
				ASSETCATALOG_COMPILER_GLOBAL_ACCENT_COLOR_NAME = AccentColor;
				CODE_SIGN_STYLE = Automatic;
				CURRENT_PROJECT_VERSION = 1;
				DEVELOPMENT_TEAM = YK6FBNFSV5;
				"GCC_PREPROCESSOR_DEFINITIONS[arch=*]" = "FLEXLAYOUT_SWIFT_PACKAGE=1";
				GENERATE_INFOPLIST_FILE = YES;
				INFOPLIST_FILE = kukuku/Info.plist;
				INFOPLIST_KEY_NSCameraUsageDescription = "AR 기능을 이용하기 위해 위치 정보가 필요합니다";
				INFOPLIST_KEY_NSLocationWhenInUseUsageDescription = "AR 기능을 이용하기 위해 카메라 권한이 필요합니다.";
				INFOPLIST_KEY_UIApplicationSupportsIndirectInputEvents = YES;
				INFOPLIST_KEY_UILaunchStoryboardName = LaunchScreen;
				INFOPLIST_KEY_UISupportedInterfaceOrientations = UIInterfaceOrientationPortrait;
				INFOPLIST_KEY_UISupportedInterfaceOrientations_iPad = "UIInterfaceOrientationLandscapeLeft UIInterfaceOrientationLandscapeRight UIInterfaceOrientationPortrait UIInterfaceOrientationPortraitUpsideDown";
				IPHONEOS_DEPLOYMENT_TARGET = 15.0;
				LD_RUNPATH_SEARCH_PATHS = (
					"$(inherited)",
					"@executable_path/Frameworks",
				);
				MARKETING_VERSION = 1.0;
				PRODUCT_BUNDLE_IDENTIFIER = com.youtak.kukuku;
				PRODUCT_NAME = "$(TARGET_NAME)";
				SUPPORTED_PLATFORMS = "iphoneos iphonesimulator";
				SUPPORTS_MACCATALYST = NO;
				SUPPORTS_MAC_DESIGNED_FOR_IPHONE_IPAD = NO;
				SWIFT_EMIT_LOC_STRINGS = YES;
				SWIFT_VERSION = 5.0;
				TARGETED_DEVICE_FAMILY = 1;
			};
			name = Release;
		};
/* End XCBuildConfiguration section */

/* Begin XCConfigurationList section */
		142A2F3529AF34C900ACFFDD /* Build configuration list for PBXProject "kukuku" */ = {
			isa = XCConfigurationList;
			buildConfigurations = (
				142A2F4C29AF34CA00ACFFDD /* Debug */,
				142A2F4D29AF34CA00ACFFDD /* Release */,
			);
			defaultConfigurationIsVisible = 0;
			defaultConfigurationName = Release;
		};
		142A2F4E29AF34CA00ACFFDD /* Build configuration list for PBXNativeTarget "kukuku" */ = {
			isa = XCConfigurationList;
			buildConfigurations = (
				142A2F4F29AF34CA00ACFFDD /* Debug */,
				142A2F5029AF34CA00ACFFDD /* Release */,
			);
			defaultConfigurationIsVisible = 0;
			defaultConfigurationName = Release;
		};
/* End XCConfigurationList section */

/* Begin XCRemoteSwiftPackageReference section */
		142A2F5129AF4A0400ACFFDD /* XCRemoteSwiftPackageReference "PinLayout" */ = {
			isa = XCRemoteSwiftPackageReference;
			repositoryURL = "https://github.com/layoutBox/PinLayout";
			requirement = {
				kind = upToNextMinorVersion;
				minimumVersion = 1.9.0;
			};
		};
		145A289A29AF4F56008CCBC7 /* XCRemoteSwiftPackageReference "FlexLayout" */ = {
			isa = XCRemoteSwiftPackageReference;
			repositoryURL = "https://github.com/layoutBox/FlexLayout";
			requirement = {
				branch = master;
				kind = branch;
			};
		};
/* End XCRemoteSwiftPackageReference section */

/* Begin XCSwiftPackageProductDependency section */
		142A2F5229AF4A0400ACFFDD /* PinLayout */ = {
			isa = XCSwiftPackageProductDependency;
			package = 142A2F5129AF4A0400ACFFDD /* XCRemoteSwiftPackageReference "PinLayout" */;
			productName = PinLayout;
		};
		145A289B29AF4F56008CCBC7 /* FlexLayout */ = {
			isa = XCSwiftPackageProductDependency;
			package = 145A289A29AF4F56008CCBC7 /* XCRemoteSwiftPackageReference "FlexLayout" */;
			productName = FlexLayout;
		};
/* End XCSwiftPackageProductDependency section */
	};
	rootObject = 142A2F3229AF34C900ACFFDD /* Project object */;
}
