// !$*UTF8*$!
{
	archiveVersion = 1;
	classes = {
	};
	objectVersion = 56;
	objects = {

/* Begin PBXBuildFile section */
		1429327929AF8982009B9B7F /* KuDefaultButton.swift in Sources */ = {isa = PBXBuildFile; fileRef = 1429327829AF8982009B9B7F /* KuDefaultButton.swift */; };
		1429327D29AF8C07009B9B7F /* HomeViewModel.swift in Sources */ = {isa = PBXBuildFile; fileRef = 1429327C29AF8C07009B9B7F /* HomeViewModel.swift */; };
		1429327F29AF8C13009B9B7F /* KonkukInfoListViewController.swift in Sources */ = {isa = PBXBuildFile; fileRef = 1429327E29AF8C13009B9B7F /* KonkukInfoListViewController.swift */; };
		1429328329AF8C22009B9B7F /* GuideViewController.swift in Sources */ = {isa = PBXBuildFile; fileRef = 1429328229AF8C22009B9B7F /* GuideViewController.swift */; };
		1429328729AF8C2E009B9B7F /* SettingViewController.swift in Sources */ = {isa = PBXBuildFile; fileRef = 1429328629AF8C2E009B9B7F /* SettingViewController.swift */; };
		1429328B29AF8C41009B9B7F /* ARGameViewController.swift in Sources */ = {isa = PBXBuildFile; fileRef = 1429328A29AF8C41009B9B7F /* ARGameViewController.swift */; };
		1429329A29AF9222009B9B7F /* UIControl+Combine.swift in Sources */ = {isa = PBXBuildFile; fileRef = 1429329929AF9222009B9B7F /* UIControl+Combine.swift */; };
		142A2F3E29AF34C900ACFFDD /* AppDelegate.swift in Sources */ = {isa = PBXBuildFile; fileRef = 142A2F3D29AF34C900ACFFDD /* AppDelegate.swift */; };
		142A2F4029AF34C900ACFFDD /* SceneDelegate.swift in Sources */ = {isa = PBXBuildFile; fileRef = 142A2F3F29AF34C900ACFFDD /* SceneDelegate.swift */; };
		142A2F4229AF34C900ACFFDD /* HomeViewController.swift in Sources */ = {isa = PBXBuildFile; fileRef = 142A2F4129AF34C900ACFFDD /* HomeViewController.swift */; };
		142A2F4729AF34CA00ACFFDD /* Assets.xcassets in Resources */ = {isa = PBXBuildFile; fileRef = 142A2F4629AF34CA00ACFFDD /* Assets.xcassets */; };
		142A2F4A29AF34CA00ACFFDD /* LaunchScreen.storyboard in Resources */ = {isa = PBXBuildFile; fileRef = 142A2F4829AF34CA00ACFFDD /* LaunchScreen.storyboard */; };
		142A2F5329AF4A0400ACFFDD /* PinLayout in Frameworks */ = {isa = PBXBuildFile; productRef = 142A2F5229AF4A0400ACFFDD /* PinLayout */; };
		142F017E29B08026001D5DCD /* SettingView.swift in Sources */ = {isa = PBXBuildFile; fileRef = 142F017D29B08026001D5DCD /* SettingView.swift */; };
		142F018129B084EB001D5DCD /* SettingSection.swift in Sources */ = {isa = PBXBuildFile; fileRef = 142F018029B084EB001D5DCD /* SettingSection.swift */; };
		142F018329B084FF001D5DCD /* SettingCellKind.swift in Sources */ = {isa = PBXBuildFile; fileRef = 142F018229B084FF001D5DCD /* SettingCellKind.swift */; };
		142F018529B08588001D5DCD /* AppInfoCellKind.swift in Sources */ = {isa = PBXBuildFile; fileRef = 142F018429B08588001D5DCD /* AppInfoCellKind.swift */; };
		142F018729B089CB001D5DCD /* SettingCell.swift in Sources */ = {isa = PBXBuildFile; fileRef = 142F018629B089CB001D5DCD /* SettingCell.swift */; };
		142F018929B089F6001D5DCD /* UITableView+.swift in Sources */ = {isa = PBXBuildFile; fileRef = 142F018829B089F6001D5DCD /* UITableView+.swift */; };
		142F019229B09525001D5DCD /* SettingSectionHeader.swift in Sources */ = {isa = PBXBuildFile; fileRef = 142F019129B09525001D5DCD /* SettingSectionHeader.swift */; };
		142F019629B09D02001D5DCD /* SettingDarkMoveViewController.swift in Sources */ = {isa = PBXBuildFile; fileRef = 142F019529B09D02001D5DCD /* SettingDarkMoveViewController.swift */; };
		142F019829B09D27001D5DCD /* SettingLanguageViewController.swift in Sources */ = {isa = PBXBuildFile; fileRef = 142F019729B09D27001D5DCD /* SettingLanguageViewController.swift */; };
		142F019E29B0A9B9001D5DCD /* KonkukInfoListView.swift in Sources */ = {isa = PBXBuildFile; fileRef = 142F019D29B0A9B9001D5DCD /* KonkukInfoListView.swift */; };
		142F01A129B0AB25001D5DCD /* KonkukInfoListCell.swift in Sources */ = {isa = PBXBuildFile; fileRef = 142F01A029B0AB25001D5DCD /* KonkukInfoListCell.swift */; };
		142F01A629B0B029001D5DCD /* ARGameViewModel.swift in Sources */ = {isa = PBXBuildFile; fileRef = 142F01A529B0B029001D5DCD /* ARGameViewModel.swift */; };
		142F01A829B0B030001D5DCD /* ARGameView.swift in Sources */ = {isa = PBXBuildFile; fileRef = 142F01A729B0B030001D5DCD /* ARGameView.swift */; };
		142F01AD29B0B865001D5DCD /* KonkukInfoDetailViewController.swift in Sources */ = {isa = PBXBuildFile; fileRef = 142F01AC29B0B865001D5DCD /* KonkukInfoDetailViewController.swift */; };
		142F01B029B0B889001D5DCD /* KonkukInfoDetailView.swift in Sources */ = {isa = PBXBuildFile; fileRef = 142F01AF29B0B889001D5DCD /* KonkukInfoDetailView.swift */; };
		145A289C29AF4F56008CCBC7 /* FlexLayout in Frameworks */ = {isa = PBXBuildFile; productRef = 145A289B29AF4F56008CCBC7 /* FlexLayout */; };
		145A28A729AF59AC008CCBC7 /* DefaultUserRepository.swift in Sources */ = {isa = PBXBuildFile; fileRef = 145A28A629AF59AC008CCBC7 /* DefaultUserRepository.swift */; };
		145A28A929AF59B2008CCBC7 /* UserUseCase.swift in Sources */ = {isa = PBXBuildFile; fileRef = 145A28A829AF59B2008CCBC7 /* UserUseCase.swift */; };
		145A28AD29AF5BB8008CCBC7 /* UIColor+.swift in Sources */ = {isa = PBXBuildFile; fileRef = 145A28AC29AF5BB8008CCBC7 /* UIColor+.swift */; };
		145A28B329AF5CA4008CCBC7 /* UIFont+.swift in Sources */ = {isa = PBXBuildFile; fileRef = 145A28B229AF5CA4008CCBC7 /* UIFont+.swift */; };
		145A28B529AF5DDF008CCBC7 /* UIImage+Icon.swift in Sources */ = {isa = PBXBuildFile; fileRef = 145A28B429AF5DDF008CCBC7 /* UIImage+Icon.swift */; };
		145A28BB29AF60A1008CCBC7 /* HomeView.swift in Sources */ = {isa = PBXBuildFile; fileRef = 145A28BA29AF60A1008CCBC7 /* HomeView.swift */; };
		145C67A429B2E44A0044544C /* KonkukInfoListViewModel.swift in Sources */ = {isa = PBXBuildFile; fileRef = 145C67A329B2E44A0044544C /* KonkukInfoListViewModel.swift */; };
		145C67A729B2E4960044544C /* KonkukInfoUseCase.swift in Sources */ = {isa = PBXBuildFile; fileRef = 145C67A629B2E4960044544C /* KonkukInfoUseCase.swift */; };
		145C67A929B2E49F0044544C /* DefaultKonkukInfoUseCase.swift in Sources */ = {isa = PBXBuildFile; fileRef = 145C67A829B2E49F0044544C /* DefaultKonkukInfoUseCase.swift */; };
		145C67AF29B2E70F0044544C /* UserKonkukInfoList.swift in Sources */ = {isa = PBXBuildFile; fileRef = 145C67AE29B2E70F0044544C /* UserKonkukInfoList.swift */; };
		145C67B529B2F54E0044544C /* SettingViewModel.swift in Sources */ = {isa = PBXBuildFile; fileRef = 145C67B429B2F54E0044544C /* SettingViewModel.swift */; };
		145C67B829B2F5D30044544C /* UserDefaultManager.swift in Sources */ = {isa = PBXBuildFile; fileRef = 145C67B729B2F5D30044544C /* UserDefaultManager.swift */; };
		145C67BE29B2F85C0044544C /* DarkModeManager.swift in Sources */ = {isa = PBXBuildFile; fileRef = 145C67BD29B2F85C0044544C /* DarkModeManager.swift */; };
		145C67C129B301470044544C /* DefaultDarkModeRepository.swift in Sources */ = {isa = PBXBuildFile; fileRef = 145C67C029B301470044544C /* DefaultDarkModeRepository.swift */; };
		145C67C429B302E60044544C /* DarkModeRepository.swift in Sources */ = {isa = PBXBuildFile; fileRef = 145C67C329B302E60044544C /* DarkModeRepository.swift */; };
		14644E8329B176B200176342 /* SettingLanguageView.swift in Sources */ = {isa = PBXBuildFile; fileRef = 14644E8229B176B200176342 /* SettingLanguageView.swift */; };
		14644E8629B178BA00176342 /* SettingCheckCell.swift in Sources */ = {isa = PBXBuildFile; fileRef = 14644E8529B178BA00176342 /* SettingCheckCell.swift */; };
		14644E8929B17DFC00176342 /* KUContainTableView.swift in Sources */ = {isa = PBXBuildFile; fileRef = 14644E8829B17DFC00176342 /* KUContainTableView.swift */; };
		14644E8D29B1818D00176342 /* SettingDarkModeView.swift in Sources */ = {isa = PBXBuildFile; fileRef = 14644E8C29B1818D00176342 /* SettingDarkModeView.swift */; };
		14644E9029B1839700176342 /* DarkModeKind.swift in Sources */ = {isa = PBXBuildFile; fileRef = 14644E8F29B1839700176342 /* DarkModeKind.swift */; };
		14644E9229B1860A00176342 /* UIViewController+Alert.swift in Sources */ = {isa = PBXBuildFile; fileRef = 14644E9129B1860A00176342 /* UIViewController+Alert.swift */; };
		14644E9C29B1A1CE00176342 /* KonkukInfo.swift in Sources */ = {isa = PBXBuildFile; fileRef = 14644E9B29B1A1CE00176342 /* KonkukInfo.swift */; };
		14644E9F29B1A25E00176342 /* DefaultKonkukInfoRepository.swift in Sources */ = {isa = PBXBuildFile; fileRef = 14644E9E29B1A25E00176342 /* DefaultKonkukInfoRepository.swift */; };
		14644EA029B1A44300176342 /* KonkukInfoList.json in Resources */ = {isa = PBXBuildFile; fileRef = 14644E9729B1A11F00176342 /* KonkukInfoList.json */; };
		14644EA329B1A48500176342 /* JSONKonkukInfoList.swift in Sources */ = {isa = PBXBuildFile; fileRef = 14644EA229B1A48500176342 /* JSONKonkukInfoList.swift */; };
		14644EA729B1A91A00176342 /* KonkukInfoRepository.swift in Sources */ = {isa = PBXBuildFile; fileRef = 14644EA629B1A91A00176342 /* KonkukInfoRepository.swift */; };
		14644EAA29B1A9D000176342 /* print.swift in Sources */ = {isa = PBXBuildFile; fileRef = 14644EA929B1A9D000176342 /* print.swift */; };
		1482F5D029B1EC1C000B5320 /* LocationRepository.swift in Sources */ = {isa = PBXBuildFile; fileRef = 1482F5CF29B1EC1C000B5320 /* LocationRepository.swift */; };
		1482F5D329B1EC48000B5320 /* AuthorizationStatus.swift in Sources */ = {isa = PBXBuildFile; fileRef = 1482F5D229B1EC48000B5320 /* AuthorizationStatus.swift */; };
		1482F5D729B1ECDE000B5320 /* DefaultLocationRepository.swift in Sources */ = {isa = PBXBuildFile; fileRef = 1482F5D629B1ECDE000B5320 /* DefaultLocationRepository.swift */; };
		1482F5DA29B1EDEC000B5320 /* LocationUseCase.swift in Sources */ = {isa = PBXBuildFile; fileRef = 1482F5D929B1EDEC000B5320 /* LocationUseCase.swift */; };
		1482F5DD29B1EE48000B5320 /* DefaultLocationUseCase.swift in Sources */ = {isa = PBXBuildFile; fileRef = 1482F5DC29B1EE48000B5320 /* DefaultLocationUseCase.swift */; };
		1482F5E029B1EF1C000B5320 /* LocationStatus.swift in Sources */ = {isa = PBXBuildFile; fileRef = 1482F5DF29B1EF1C000B5320 /* LocationStatus.swift */; };
		1482F5E329B1EFB6000B5320 /* GameCoordinate.swift in Sources */ = {isa = PBXBuildFile; fileRef = 1482F5E229B1EFB6000B5320 /* GameCoordinate.swift */; };
		1482F5E929B2098D000B5320 /* GuideRepository.swift in Sources */ = {isa = PBXBuildFile; fileRef = 1482F5E829B2098D000B5320 /* GuideRepository.swift */; };
		1482F5EB29B209B3000B5320 /* DefaultGuideRepository.swift in Sources */ = {isa = PBXBuildFile; fileRef = 1482F5EA29B209B3000B5320 /* DefaultGuideRepository.swift */; };
		1482F5EE29B20A51000B5320 /* GuideUseCase.swift in Sources */ = {isa = PBXBuildFile; fileRef = 1482F5ED29B20A51000B5320 /* GuideUseCase.swift */; };
		1482F5F029B20A67000B5320 /* DefaultGuideUseCase.swift in Sources */ = {isa = PBXBuildFile; fileRef = 1482F5EF29B20A67000B5320 /* DefaultGuideUseCase.swift */; };
		1482F5F229B20BA5000B5320 /* Images.xcassets in Resources */ = {isa = PBXBuildFile; fileRef = 1482F5F129B20BA5000B5320 /* Images.xcassets */; };
		14F9D52129B1C6160005B74F /* User.swift in Sources */ = {isa = PBXBuildFile; fileRef = 14F9D52029B1C6160005B74F /* User.swift */; };
		14F9D52829B1C7030005B74F /* KeyChainManager.swift in Sources */ = {isa = PBXBuildFile; fileRef = 14F9D52729B1C7030005B74F /* KeyChainManager.swift */; };
		14F9D53029B1D08C0005B74F /* UserRepository.swift in Sources */ = {isa = PBXBuildFile; fileRef = 14F9D52F29B1D08C0005B74F /* UserRepository.swift */; };
		14F9D53329B1D4C40005B74F /* DefaultUserUseCase.swift in Sources */ = {isa = PBXBuildFile; fileRef = 14F9D53229B1D4C40005B74F /* DefaultUserUseCase.swift */; };
		14F9D53529B1DA450005B74F /* LocationManager.swift in Sources */ = {isa = PBXBuildFile; fileRef = 14F9D53429B1DA450005B74F /* LocationManager.swift */; };
		14FE77D829B0364E00900EEC /* GuideInfo.swift in Sources */ = {isa = PBXBuildFile; fileRef = 14FE77D729B0364E00900EEC /* GuideInfo.swift */; };
		14FE77DC29B0367C00900EEC /* GuideView.swift in Sources */ = {isa = PBXBuildFile; fileRef = 14FE77DB29B0367C00900EEC /* GuideView.swift */; };
		14FE77DE29B0368100900EEC /* GuideViewModel.swift in Sources */ = {isa = PBXBuildFile; fileRef = 14FE77DD29B0368100900EEC /* GuideViewModel.swift */; };
		14FE77E529B03ADF00900EEC /* GuideCollectionCell.swift in Sources */ = {isa = PBXBuildFile; fileRef = 14FE77E429B03ADF00900EEC /* GuideCollectionCell.swift */; };
		14FE77E829B03B5000900EEC /* ReusableView.swift in Sources */ = {isa = PBXBuildFile; fileRef = 14FE77E729B03B5000900EEC /* ReusableView.swift */; };
		14FE77EB29B03B7400900EEC /* UICollectionViewCell.swift in Sources */ = {isa = PBXBuildFile; fileRef = 14FE77EA29B03B7400900EEC /* UICollectionViewCell.swift */; };
/* End PBXBuildFile section */

/* Begin PBXFileReference section */
		1429327829AF8982009B9B7F /* KuDefaultButton.swift */ = {isa = PBXFileReference; lastKnownFileType = sourcecode.swift; path = KuDefaultButton.swift; sourceTree = "<group>"; };
		1429327C29AF8C07009B9B7F /* HomeViewModel.swift */ = {isa = PBXFileReference; lastKnownFileType = sourcecode.swift; path = HomeViewModel.swift; sourceTree = "<group>"; };
		1429327E29AF8C13009B9B7F /* KonkukInfoListViewController.swift */ = {isa = PBXFileReference; lastKnownFileType = sourcecode.swift; path = KonkukInfoListViewController.swift; sourceTree = "<group>"; };
		1429328229AF8C22009B9B7F /* GuideViewController.swift */ = {isa = PBXFileReference; lastKnownFileType = sourcecode.swift; path = GuideViewController.swift; sourceTree = "<group>"; };
		1429328629AF8C2E009B9B7F /* SettingViewController.swift */ = {isa = PBXFileReference; lastKnownFileType = sourcecode.swift; path = SettingViewController.swift; sourceTree = "<group>"; };
		1429328A29AF8C41009B9B7F /* ARGameViewController.swift */ = {isa = PBXFileReference; lastKnownFileType = sourcecode.swift; path = ARGameViewController.swift; sourceTree = "<group>"; };
		1429329029AF8F4B009B9B7F /* .swiftlint.yml */ = {isa = PBXFileReference; lastKnownFileType = text.yaml; path = .swiftlint.yml; sourceTree = "<group>"; };
		1429329229AF8FF0009B9B7F /* .swiftlint.auto.yml */ = {isa = PBXFileReference; lastKnownFileType = text.yaml; path = .swiftlint.auto.yml; sourceTree = "<group>"; };
		1429329929AF9222009B9B7F /* UIControl+Combine.swift */ = {isa = PBXFileReference; lastKnownFileType = sourcecode.swift; path = "UIControl+Combine.swift"; sourceTree = "<group>"; };
		142A2F3A29AF34C900ACFFDD /* kukuku.app */ = {isa = PBXFileReference; explicitFileType = wrapper.application; includeInIndex = 0; path = kukuku.app; sourceTree = BUILT_PRODUCTS_DIR; };
		142A2F3D29AF34C900ACFFDD /* AppDelegate.swift */ = {isa = PBXFileReference; lastKnownFileType = sourcecode.swift; path = AppDelegate.swift; sourceTree = "<group>"; };
		142A2F3F29AF34C900ACFFDD /* SceneDelegate.swift */ = {isa = PBXFileReference; lastKnownFileType = sourcecode.swift; path = SceneDelegate.swift; sourceTree = "<group>"; };
		142A2F4129AF34C900ACFFDD /* HomeViewController.swift */ = {isa = PBXFileReference; lastKnownFileType = sourcecode.swift; path = HomeViewController.swift; sourceTree = "<group>"; };
		142A2F4629AF34CA00ACFFDD /* Assets.xcassets */ = {isa = PBXFileReference; lastKnownFileType = folder.assetcatalog; path = Assets.xcassets; sourceTree = "<group>"; };
		142A2F4929AF34CA00ACFFDD /* Base */ = {isa = PBXFileReference; lastKnownFileType = file.storyboard; name = Base; path = Base.lproj/LaunchScreen.storyboard; sourceTree = "<group>"; };
		142A2F4B29AF34CA00ACFFDD /* Info.plist */ = {isa = PBXFileReference; lastKnownFileType = text.plist.xml; path = Info.plist; sourceTree = "<group>"; };
		142F017D29B08026001D5DCD /* SettingView.swift */ = {isa = PBXFileReference; lastKnownFileType = sourcecode.swift; path = SettingView.swift; sourceTree = "<group>"; };
		142F018029B084EB001D5DCD /* SettingSection.swift */ = {isa = PBXFileReference; lastKnownFileType = sourcecode.swift; path = SettingSection.swift; sourceTree = "<group>"; };
		142F018229B084FF001D5DCD /* SettingCellKind.swift */ = {isa = PBXFileReference; lastKnownFileType = sourcecode.swift; path = SettingCellKind.swift; sourceTree = "<group>"; };
		142F018429B08588001D5DCD /* AppInfoCellKind.swift */ = {isa = PBXFileReference; lastKnownFileType = sourcecode.swift; path = AppInfoCellKind.swift; sourceTree = "<group>"; };
		142F018629B089CB001D5DCD /* SettingCell.swift */ = {isa = PBXFileReference; lastKnownFileType = sourcecode.swift; path = SettingCell.swift; sourceTree = "<group>"; };
		142F018829B089F6001D5DCD /* UITableView+.swift */ = {isa = PBXFileReference; lastKnownFileType = sourcecode.swift; path = "UITableView+.swift"; sourceTree = "<group>"; };
		142F019129B09525001D5DCD /* SettingSectionHeader.swift */ = {isa = PBXFileReference; lastKnownFileType = sourcecode.swift; path = SettingSectionHeader.swift; sourceTree = "<group>"; };
		142F019529B09D02001D5DCD /* SettingDarkMoveViewController.swift */ = {isa = PBXFileReference; lastKnownFileType = sourcecode.swift; path = SettingDarkMoveViewController.swift; sourceTree = "<group>"; };
		142F019729B09D27001D5DCD /* SettingLanguageViewController.swift */ = {isa = PBXFileReference; lastKnownFileType = sourcecode.swift; path = SettingLanguageViewController.swift; sourceTree = "<group>"; };
		142F019D29B0A9B9001D5DCD /* KonkukInfoListView.swift */ = {isa = PBXFileReference; lastKnownFileType = sourcecode.swift; path = KonkukInfoListView.swift; sourceTree = "<group>"; };
		142F01A029B0AB25001D5DCD /* KonkukInfoListCell.swift */ = {isa = PBXFileReference; lastKnownFileType = sourcecode.swift; path = KonkukInfoListCell.swift; sourceTree = "<group>"; };
		142F01A529B0B029001D5DCD /* ARGameViewModel.swift */ = {isa = PBXFileReference; lastKnownFileType = sourcecode.swift; path = ARGameViewModel.swift; sourceTree = "<group>"; };
		142F01A729B0B030001D5DCD /* ARGameView.swift */ = {isa = PBXFileReference; lastKnownFileType = sourcecode.swift; path = ARGameView.swift; sourceTree = "<group>"; };
		142F01AC29B0B865001D5DCD /* KonkukInfoDetailViewController.swift */ = {isa = PBXFileReference; lastKnownFileType = sourcecode.swift; path = KonkukInfoDetailViewController.swift; sourceTree = "<group>"; };
		142F01AF29B0B889001D5DCD /* KonkukInfoDetailView.swift */ = {isa = PBXFileReference; lastKnownFileType = sourcecode.swift; path = KonkukInfoDetailView.swift; sourceTree = "<group>"; };
		145A28A629AF59AC008CCBC7 /* DefaultUserRepository.swift */ = {isa = PBXFileReference; lastKnownFileType = sourcecode.swift; path = DefaultUserRepository.swift; sourceTree = "<group>"; };
		145A28A829AF59B2008CCBC7 /* UserUseCase.swift */ = {isa = PBXFileReference; lastKnownFileType = sourcecode.swift; path = UserUseCase.swift; sourceTree = "<group>"; };
		145A28AC29AF5BB8008CCBC7 /* UIColor+.swift */ = {isa = PBXFileReference; lastKnownFileType = sourcecode.swift; path = "UIColor+.swift"; sourceTree = "<group>"; };
		145A28B229AF5CA4008CCBC7 /* UIFont+.swift */ = {isa = PBXFileReference; lastKnownFileType = sourcecode.swift; path = "UIFont+.swift"; sourceTree = "<group>"; };
		145A28B429AF5DDF008CCBC7 /* UIImage+Icon.swift */ = {isa = PBXFileReference; lastKnownFileType = sourcecode.swift; path = "UIImage+Icon.swift"; sourceTree = "<group>"; };
		145A28BA29AF60A1008CCBC7 /* HomeView.swift */ = {isa = PBXFileReference; lastKnownFileType = sourcecode.swift; path = HomeView.swift; sourceTree = "<group>"; };
		145C67A329B2E44A0044544C /* KonkukInfoListViewModel.swift */ = {isa = PBXFileReference; lastKnownFileType = sourcecode.swift; path = KonkukInfoListViewModel.swift; sourceTree = "<group>"; };
		145C67A629B2E4960044544C /* KonkukInfoUseCase.swift */ = {isa = PBXFileReference; lastKnownFileType = sourcecode.swift; path = KonkukInfoUseCase.swift; sourceTree = "<group>"; };
		145C67A829B2E49F0044544C /* DefaultKonkukInfoUseCase.swift */ = {isa = PBXFileReference; lastKnownFileType = sourcecode.swift; path = DefaultKonkukInfoUseCase.swift; sourceTree = "<group>"; };
		145C67AE29B2E70F0044544C /* UserKonkukInfoList.swift */ = {isa = PBXFileReference; lastKnownFileType = sourcecode.swift; path = UserKonkukInfoList.swift; sourceTree = "<group>"; };
		145C67B429B2F54E0044544C /* SettingViewModel.swift */ = {isa = PBXFileReference; lastKnownFileType = sourcecode.swift; path = SettingViewModel.swift; sourceTree = "<group>"; };
		145C67B729B2F5D30044544C /* UserDefaultManager.swift */ = {isa = PBXFileReference; lastKnownFileType = sourcecode.swift; path = UserDefaultManager.swift; sourceTree = "<group>"; };
		145C67BD29B2F85C0044544C /* DarkModeManager.swift */ = {isa = PBXFileReference; lastKnownFileType = sourcecode.swift; path = DarkModeManager.swift; sourceTree = "<group>"; };
		145C67C029B301470044544C /* DefaultDarkModeRepository.swift */ = {isa = PBXFileReference; lastKnownFileType = sourcecode.swift; path = DefaultDarkModeRepository.swift; sourceTree = "<group>"; };
		145C67C329B302E60044544C /* DarkModeRepository.swift */ = {isa = PBXFileReference; lastKnownFileType = sourcecode.swift; path = DarkModeRepository.swift; sourceTree = "<group>"; };
		14644E8229B176B200176342 /* SettingLanguageView.swift */ = {isa = PBXFileReference; lastKnownFileType = sourcecode.swift; path = SettingLanguageView.swift; sourceTree = "<group>"; };
		14644E8529B178BA00176342 /* SettingCheckCell.swift */ = {isa = PBXFileReference; lastKnownFileType = sourcecode.swift; path = SettingCheckCell.swift; sourceTree = "<group>"; };
		14644E8829B17DFC00176342 /* KUContainTableView.swift */ = {isa = PBXFileReference; lastKnownFileType = sourcecode.swift; path = KUContainTableView.swift; sourceTree = "<group>"; };
		14644E8C29B1818D00176342 /* SettingDarkModeView.swift */ = {isa = PBXFileReference; lastKnownFileType = sourcecode.swift; path = SettingDarkModeView.swift; sourceTree = "<group>"; };
		14644E8F29B1839700176342 /* DarkModeKind.swift */ = {isa = PBXFileReference; lastKnownFileType = sourcecode.swift; path = DarkModeKind.swift; sourceTree = "<group>"; };
		14644E9129B1860A00176342 /* UIViewController+Alert.swift */ = {isa = PBXFileReference; lastKnownFileType = sourcecode.swift; path = "UIViewController+Alert.swift"; sourceTree = "<group>"; };
		14644E9729B1A11F00176342 /* KonkukInfoList.json */ = {isa = PBXFileReference; lastKnownFileType = text.json; path = KonkukInfoList.json; sourceTree = "<group>"; };
		14644E9B29B1A1CE00176342 /* KonkukInfo.swift */ = {isa = PBXFileReference; lastKnownFileType = sourcecode.swift; path = KonkukInfo.swift; sourceTree = "<group>"; };
		14644E9E29B1A25E00176342 /* DefaultKonkukInfoRepository.swift */ = {isa = PBXFileReference; lastKnownFileType = sourcecode.swift; path = DefaultKonkukInfoRepository.swift; sourceTree = "<group>"; };
		14644EA229B1A48500176342 /* JSONKonkukInfoList.swift */ = {isa = PBXFileReference; lastKnownFileType = sourcecode.swift; path = JSONKonkukInfoList.swift; sourceTree = "<group>"; };
		14644EA629B1A91A00176342 /* KonkukInfoRepository.swift */ = {isa = PBXFileReference; lastKnownFileType = sourcecode.swift; path = KonkukInfoRepository.swift; sourceTree = "<group>"; };
		14644EA929B1A9D000176342 /* print.swift */ = {isa = PBXFileReference; lastKnownFileType = sourcecode.swift; path = print.swift; sourceTree = "<group>"; };
		1482F5CF29B1EC1C000B5320 /* LocationRepository.swift */ = {isa = PBXFileReference; lastKnownFileType = sourcecode.swift; path = LocationRepository.swift; sourceTree = "<group>"; };
		1482F5D229B1EC48000B5320 /* AuthorizationStatus.swift */ = {isa = PBXFileReference; lastKnownFileType = sourcecode.swift; path = AuthorizationStatus.swift; sourceTree = "<group>"; };
		1482F5D629B1ECDE000B5320 /* DefaultLocationRepository.swift */ = {isa = PBXFileReference; lastKnownFileType = sourcecode.swift; path = DefaultLocationRepository.swift; sourceTree = "<group>"; };
		1482F5D929B1EDEC000B5320 /* LocationUseCase.swift */ = {isa = PBXFileReference; lastKnownFileType = sourcecode.swift; path = LocationUseCase.swift; sourceTree = "<group>"; };
		1482F5DC29B1EE48000B5320 /* DefaultLocationUseCase.swift */ = {isa = PBXFileReference; lastKnownFileType = sourcecode.swift; path = DefaultLocationUseCase.swift; sourceTree = "<group>"; };
		1482F5DF29B1EF1C000B5320 /* LocationStatus.swift */ = {isa = PBXFileReference; lastKnownFileType = sourcecode.swift; path = LocationStatus.swift; sourceTree = "<group>"; };
		1482F5E229B1EFB6000B5320 /* GameCoordinate.swift */ = {isa = PBXFileReference; lastKnownFileType = sourcecode.swift; path = GameCoordinate.swift; sourceTree = "<group>"; };
		1482F5E829B2098D000B5320 /* GuideRepository.swift */ = {isa = PBXFileReference; lastKnownFileType = sourcecode.swift; path = GuideRepository.swift; sourceTree = "<group>"; };
		1482F5EA29B209B3000B5320 /* DefaultGuideRepository.swift */ = {isa = PBXFileReference; lastKnownFileType = sourcecode.swift; path = DefaultGuideRepository.swift; sourceTree = "<group>"; };
		1482F5ED29B20A51000B5320 /* GuideUseCase.swift */ = {isa = PBXFileReference; lastKnownFileType = sourcecode.swift; path = GuideUseCase.swift; sourceTree = "<group>"; };
		1482F5EF29B20A67000B5320 /* DefaultGuideUseCase.swift */ = {isa = PBXFileReference; lastKnownFileType = sourcecode.swift; path = DefaultGuideUseCase.swift; sourceTree = "<group>"; };
		1482F5F129B20BA5000B5320 /* Images.xcassets */ = {isa = PBXFileReference; lastKnownFileType = folder.assetcatalog; path = Images.xcassets; sourceTree = "<group>"; };
		14F9D52029B1C6160005B74F /* User.swift */ = {isa = PBXFileReference; lastKnownFileType = sourcecode.swift; path = User.swift; sourceTree = "<group>"; };
		14F9D52729B1C7030005B74F /* KeyChainManager.swift */ = {isa = PBXFileReference; lastKnownFileType = sourcecode.swift; path = KeyChainManager.swift; sourceTree = "<group>"; };
		14F9D52F29B1D08C0005B74F /* UserRepository.swift */ = {isa = PBXFileReference; lastKnownFileType = sourcecode.swift; path = UserRepository.swift; sourceTree = "<group>"; };
		14F9D53229B1D4C40005B74F /* DefaultUserUseCase.swift */ = {isa = PBXFileReference; lastKnownFileType = sourcecode.swift; path = DefaultUserUseCase.swift; sourceTree = "<group>"; };
		14F9D53429B1DA450005B74F /* LocationManager.swift */ = {isa = PBXFileReference; lastKnownFileType = sourcecode.swift; path = LocationManager.swift; sourceTree = "<group>"; };
		14FE77D729B0364E00900EEC /* GuideInfo.swift */ = {isa = PBXFileReference; lastKnownFileType = sourcecode.swift; path = GuideInfo.swift; sourceTree = "<group>"; };
		14FE77DB29B0367C00900EEC /* GuideView.swift */ = {isa = PBXFileReference; lastKnownFileType = sourcecode.swift; path = GuideView.swift; sourceTree = "<group>"; };
		14FE77DD29B0368100900EEC /* GuideViewModel.swift */ = {isa = PBXFileReference; lastKnownFileType = sourcecode.swift; path = GuideViewModel.swift; sourceTree = "<group>"; };
		14FE77E429B03ADF00900EEC /* GuideCollectionCell.swift */ = {isa = PBXFileReference; lastKnownFileType = sourcecode.swift; path = GuideCollectionCell.swift; sourceTree = "<group>"; };
		14FE77E729B03B5000900EEC /* ReusableView.swift */ = {isa = PBXFileReference; lastKnownFileType = sourcecode.swift; path = ReusableView.swift; sourceTree = "<group>"; };
		14FE77EA29B03B7400900EEC /* UICollectionViewCell.swift */ = {isa = PBXFileReference; lastKnownFileType = sourcecode.swift; path = UICollectionViewCell.swift; sourceTree = "<group>"; };
/* End PBXFileReference section */

/* Begin PBXFrameworksBuildPhase section */
		142A2F3729AF34C900ACFFDD /* Frameworks */ = {
			isa = PBXFrameworksBuildPhase;
			buildActionMask = 2147483647;
			files = (
				142A2F5329AF4A0400ACFFDD /* PinLayout in Frameworks */,
				145A289C29AF4F56008CCBC7 /* FlexLayout in Frameworks */,
			);
			runOnlyForDeploymentPostprocessing = 0;
		};
/* End PBXFrameworksBuildPhase section */

/* Begin PBXGroup section */
		1429327729AF8974009B9B7F /* Common */ = {
			isa = PBXGroup;
			children = (
				14644E8729B17DC800176342 /* View */,
				1429327829AF8982009B9B7F /* KuDefaultButton.swift */,
			);
			path = Common;
			sourceTree = "<group>";
		};
		1429327A29AF8BE7009B9B7F /* KonkukInfoList */ = {
			isa = PBXGroup;
			children = (
				142F019C29B0A978001D5DCD /* ViewModel */,
				1429327B29AF8BF7009B9B7F /* ViewController */,
				142F019B29B0A976001D5DCD /* View */,
			);
			path = KonkukInfoList;
			sourceTree = "<group>";
		};
		1429327B29AF8BF7009B9B7F /* ViewController */ = {
			isa = PBXGroup;
			children = (
				1429327E29AF8C13009B9B7F /* KonkukInfoListViewController.swift */,
			);
			path = ViewController;
			sourceTree = "<group>";
		};
		1429328029AF8C17009B9B7F /* Guide */ = {
			isa = PBXGroup;
			children = (
				14FE77DA29B0367500900EEC /* ViewModel */,
				1429328129AF8C1B009B9B7F /* ViewController */,
				14FE77D929B0366A00900EEC /* View */,
			);
			path = Guide;
			sourceTree = "<group>";
		};
		1429328129AF8C1B009B9B7F /* ViewController */ = {
			isa = PBXGroup;
			children = (
				1429328229AF8C22009B9B7F /* GuideViewController.swift */,
			);
			path = ViewController;
			sourceTree = "<group>";
		};
		1429328429AF8C25009B9B7F /* Setting */ = {
			isa = PBXGroup;
			children = (
				14644E8429B178A200176342 /* Common */,
				142F019329B09CE6001D5DCD /* SettingLanguage */,
				142F019429B09CED001D5DCD /* SettingDarkMode */,
				142F017C29B0801B001D5DCD /* ViewModel */,
				1429328529AF8C27009B9B7F /* ViewController */,
				142F017B29B08019001D5DCD /* View */,
			);
			path = Setting;
			sourceTree = "<group>";
		};
		1429328529AF8C27009B9B7F /* ViewController */ = {
			isa = PBXGroup;
			children = (
				1429328629AF8C2E009B9B7F /* SettingViewController.swift */,
			);
			path = ViewController;
			sourceTree = "<group>";
		};
		1429328829AF8C30009B9B7F /* ARGame */ = {
			isa = PBXGroup;
			children = (
				142F01A329B0B01C001D5DCD /* ViewModel */,
				1429328929AF8C37009B9B7F /* ViewController */,
				142F01A229B0B017001D5DCD /* View */,
			);
			path = ARGame;
			sourceTree = "<group>";
		};
		1429328929AF8C37009B9B7F /* ViewController */ = {
			isa = PBXGroup;
			children = (
				1429328A29AF8C41009B9B7F /* ARGameViewController.swift */,
			);
			path = ViewController;
			sourceTree = "<group>";
		};
		1429329129AF8F79009B9B7F /* UI+Asset */ = {
			isa = PBXGroup;
			children = (
				145A28AC29AF5BB8008CCBC7 /* UIColor+.swift */,
				145A28B229AF5CA4008CCBC7 /* UIFont+.swift */,
				145A28B429AF5DDF008CCBC7 /* UIImage+Icon.swift */,
			);
			path = "UI+Asset";
			sourceTree = "<group>";
		};
		1429329429AF91D6009B9B7F /* Combine */ = {
			isa = PBXGroup;
			children = (
				1429329929AF9222009B9B7F /* UIControl+Combine.swift */,
			);
			path = Combine;
			sourceTree = "<group>";
		};
		142A2F3129AF34C900ACFFDD = {
			isa = PBXGroup;
			children = (
				1429329229AF8FF0009B9B7F /* .swiftlint.auto.yml */,
				1429329029AF8F4B009B9B7F /* .swiftlint.yml */,
				142A2F3C29AF34C900ACFFDD /* kukuku */,
				142A2F3B29AF34C900ACFFDD /* Products */,
			);
			sourceTree = "<group>";
		};
		142A2F3B29AF34C900ACFFDD /* Products */ = {
			isa = PBXGroup;
			children = (
				142A2F3A29AF34C900ACFFDD /* kukuku.app */,
			);
			name = Products;
			sourceTree = "<group>";
		};
		142A2F3C29AF34C900ACFFDD /* kukuku */ = {
			isa = PBXGroup;
			children = (
				145A28A129AF5912008CCBC7 /* App */,
				145A28A229AF5916008CCBC7 /* Presentation */,
				145A28A329AF5919008CCBC7 /* Domain */,
				145A28A429AF5927008CCBC7 /* Data */,
				145A28AA29AF5B9B008CCBC7 /* Util */,
				145A28A529AF5952008CCBC7 /* Resources */,
			);
			path = kukuku;
			sourceTree = "<group>";
		};
		142F017B29B08019001D5DCD /* View */ = {
			isa = PBXGroup;
			children = (
				142F019029B0951C001D5DCD /* Cell */,
				142F017D29B08026001D5DCD /* SettingView.swift */,
			);
			path = View;
			sourceTree = "<group>";
		};
		142F017C29B0801B001D5DCD /* ViewModel */ = {
			isa = PBXGroup;
			children = (
				142F017F29B084DE001D5DCD /* Enum */,
				145C67B429B2F54E0044544C /* SettingViewModel.swift */,
			);
			path = ViewModel;
			sourceTree = "<group>";
		};
		142F017F29B084DE001D5DCD /* Enum */ = {
			isa = PBXGroup;
			children = (
				142F018029B084EB001D5DCD /* SettingSection.swift */,
				142F018229B084FF001D5DCD /* SettingCellKind.swift */,
				142F018429B08588001D5DCD /* AppInfoCellKind.swift */,
			);
			path = Enum;
			sourceTree = "<group>";
		};
		142F019029B0951C001D5DCD /* Cell */ = {
			isa = PBXGroup;
			children = (
				142F018629B089CB001D5DCD /* SettingCell.swift */,
				142F019129B09525001D5DCD /* SettingSectionHeader.swift */,
			);
			path = Cell;
			sourceTree = "<group>";
		};
		142F019329B09CE6001D5DCD /* SettingLanguage */ = {
			isa = PBXGroup;
			children = (
				14644E8129B176A700176342 /* ViewController */,
				14644E8029B176A500176342 /* View */,
			);
			path = SettingLanguage;
			sourceTree = "<group>";
		};
		142F019429B09CED001D5DCD /* SettingDarkMode */ = {
			isa = PBXGroup;
			children = (
				14644E8E29B1838300176342 /* Enum */,
				14644E8B29B1818000176342 /* ViewController */,
				14644E8A29B1817D00176342 /* View */,
			);
			path = SettingDarkMode;
			sourceTree = "<group>";
		};
		142F019B29B0A976001D5DCD /* View */ = {
			isa = PBXGroup;
			children = (
				142F019F29B0AB1A001D5DCD /* Cell */,
				142F019D29B0A9B9001D5DCD /* KonkukInfoListView.swift */,
			);
			path = View;
			sourceTree = "<group>";
		};
		142F019C29B0A978001D5DCD /* ViewModel */ = {
			isa = PBXGroup;
			children = (
				145C67A329B2E44A0044544C /* KonkukInfoListViewModel.swift */,
			);
			path = ViewModel;
			sourceTree = "<group>";
		};
		142F019F29B0AB1A001D5DCD /* Cell */ = {
			isa = PBXGroup;
			children = (
				142F01A029B0AB25001D5DCD /* KonkukInfoListCell.swift */,
			);
			path = Cell;
			sourceTree = "<group>";
		};
		142F01A229B0B017001D5DCD /* View */ = {
			isa = PBXGroup;
			children = (
				142F01A729B0B030001D5DCD /* ARGameView.swift */,
			);
			path = View;
			sourceTree = "<group>";
		};
		142F01A329B0B01C001D5DCD /* ViewModel */ = {
			isa = PBXGroup;
			children = (
				142F01A529B0B029001D5DCD /* ARGameViewModel.swift */,
			);
			path = ViewModel;
			sourceTree = "<group>";
		};
		142F01AA29B0B83D001D5DCD /* KonkukInfoDetail */ = {
			isa = PBXGroup;
			children = (
				142F01AB29B0B84E001D5DCD /* ViewController */,
				142F01AE29B0B87F001D5DCD /* View */,
			);
			path = KonkukInfoDetail;
			sourceTree = "<group>";
		};
		142F01AB29B0B84E001D5DCD /* ViewController */ = {
			isa = PBXGroup;
			children = (
				142F01AC29B0B865001D5DCD /* KonkukInfoDetailViewController.swift */,
			);
			path = ViewController;
			sourceTree = "<group>";
		};
		142F01AE29B0B87F001D5DCD /* View */ = {
			isa = PBXGroup;
			children = (
				142F01AF29B0B889001D5DCD /* KonkukInfoDetailView.swift */,
			);
			path = View;
			sourceTree = "<group>";
		};
		145A28A129AF5912008CCBC7 /* App */ = {
			isa = PBXGroup;
			children = (
				142A2F3D29AF34C900ACFFDD /* AppDelegate.swift */,
				142A2F3F29AF34C900ACFFDD /* SceneDelegate.swift */,
			);
			path = App;
			sourceTree = "<group>";
		};
		145A28A229AF5916008CCBC7 /* Presentation */ = {
			isa = PBXGroup;
			children = (
				1429327729AF8974009B9B7F /* Common */,
				145A28B629AF606A008CCBC7 /* Home */,
				1429328829AF8C30009B9B7F /* ARGame */,
				1429327A29AF8BE7009B9B7F /* KonkukInfoList */,
				142F01AA29B0B83D001D5DCD /* KonkukInfoDetail */,
				1429328029AF8C17009B9B7F /* Guide */,
				1429328429AF8C25009B9B7F /* Setting */,
			);
			path = Presentation;
			sourceTree = "<group>";
		};
		145A28A329AF5919008CCBC7 /* Domain */ = {
			isa = PBXGroup;
			children = (
				14FE77D629B0362700900EEC /* UseCase */,
				14FE77D529B0362400900EEC /* Model */,
				14644EA429B1A8EA00176342 /* Interface */,
			);
			path = Domain;
			sourceTree = "<group>";
		};
		145A28A429AF5927008CCBC7 /* Data */ = {
			isa = PBXGroup;
			children = (
				1482F5D529B1ECCD000B5320 /* Repository */,
				14F9D52629B1C6FB0005B74F /* Manager */,
			);
			path = Data;
			sourceTree = "<group>";
		};
		145A28A529AF5952008CCBC7 /* Resources */ = {
			isa = PBXGroup;
			children = (
				142A2F4B29AF34CA00ACFFDD /* Info.plist */,
				142A2F4829AF34CA00ACFFDD /* LaunchScreen.storyboard */,
				142A2F4629AF34CA00ACFFDD /* Assets.xcassets */,
				1482F5F129B20BA5000B5320 /* Images.xcassets */,
				14644E9729B1A11F00176342 /* KonkukInfoList.json */,
			);
			path = Resources;
			sourceTree = "<group>";
		};
		145A28AA29AF5B9B008CCBC7 /* Util */ = {
			isa = PBXGroup;
			children = (
				14FE77E629B03B4300900EEC /* Protocol */,
				145A28AB29AF5BA8008CCBC7 /* Extension */,
			);
			path = Util;
			sourceTree = "<group>";
		};
		145A28AB29AF5BA8008CCBC7 /* Extension */ = {
			isa = PBXGroup;
			children = (
				14644EA829B1A9CC00176342 /* Print */,
				14FE77E929B03B5600900EEC /* UI */,
				1429329429AF91D6009B9B7F /* Combine */,
				1429329129AF8F79009B9B7F /* UI+Asset */,
			);
			path = Extension;
			sourceTree = "<group>";
		};
		145A28B629AF606A008CCBC7 /* Home */ = {
			isa = PBXGroup;
			children = (
				145A28B929AF6077008CCBC7 /* ViewModel */,
				145A28B829AF6074008CCBC7 /* ViewController */,
				145A28B729AF6072008CCBC7 /* View */,
			);
			path = Home;
			sourceTree = "<group>";
		};
		145A28B729AF6072008CCBC7 /* View */ = {
			isa = PBXGroup;
			children = (
				145A28BA29AF60A1008CCBC7 /* HomeView.swift */,
			);
			path = View;
			sourceTree = "<group>";
		};
		145A28B829AF6074008CCBC7 /* ViewController */ = {
			isa = PBXGroup;
			children = (
				142A2F4129AF34C900ACFFDD /* HomeViewController.swift */,
			);
			path = ViewController;
			sourceTree = "<group>";
		};
		145A28B929AF6077008CCBC7 /* ViewModel */ = {
			isa = PBXGroup;
			children = (
				1429327C29AF8C07009B9B7F /* HomeViewModel.swift */,
			);
			path = ViewModel;
			sourceTree = "<group>";
		};
		145C67A529B2E4840044544C /* KonkukInfoUseCase */ = {
			isa = PBXGroup;
			children = (
				145C67A629B2E4960044544C /* KonkukInfoUseCase.swift */,
				145C67A829B2E49F0044544C /* DefaultKonkukInfoUseCase.swift */,
			);
			path = KonkukInfoUseCase;
			sourceTree = "<group>";
		};
		145C67BF29B301390044544C /* DarkModeRepository */ = {
			isa = PBXGroup;
			children = (
				145C67C029B301470044544C /* DefaultDarkModeRepository.swift */,
			);
			path = DarkModeRepository;
			sourceTree = "<group>";
		};
		145C67C229B302DE0044544C /* DarkModeRepository */ = {
			isa = PBXGroup;
			children = (
				145C67C329B302E60044544C /* DarkModeRepository.swift */,
			);
			path = DarkModeRepository;
			sourceTree = "<group>";
		};
		14644E8029B176A500176342 /* View */ = {
			isa = PBXGroup;
			children = (
				14644E8229B176B200176342 /* SettingLanguageView.swift */,
			);
			path = View;
			sourceTree = "<group>";
		};
		14644E8129B176A700176342 /* ViewController */ = {
			isa = PBXGroup;
			children = (
				142F019729B09D27001D5DCD /* SettingLanguageViewController.swift */,
			);
			path = ViewController;
			sourceTree = "<group>";
		};
		14644E8429B178A200176342 /* Common */ = {
			isa = PBXGroup;
			children = (
				14644E8529B178BA00176342 /* SettingCheckCell.swift */,
			);
			path = Common;
			sourceTree = "<group>";
		};
		14644E8729B17DC800176342 /* View */ = {
			isa = PBXGroup;
			children = (
				14644E8829B17DFC00176342 /* KUContainTableView.swift */,
			);
			path = View;
			sourceTree = "<group>";
		};
		14644E8A29B1817D00176342 /* View */ = {
			isa = PBXGroup;
			children = (
				14644E8C29B1818D00176342 /* SettingDarkModeView.swift */,
			);
			path = View;
			sourceTree = "<group>";
		};
		14644E8B29B1818000176342 /* ViewController */ = {
			isa = PBXGroup;
			children = (
				142F019529B09D02001D5DCD /* SettingDarkMoveViewController.swift */,
			);
			path = ViewController;
			sourceTree = "<group>";
		};
		14644E8E29B1838300176342 /* Enum */ = {
			isa = PBXGroup;
			children = (
				14644E8F29B1839700176342 /* DarkModeKind.swift */,
			);
			path = Enum;
			sourceTree = "<group>";
		};
		14644E9D29B1A24500176342 /* KonkukInfoRepository */ = {
			isa = PBXGroup;
			children = (
				14644E9E29B1A25E00176342 /* DefaultKonkukInfoRepository.swift */,
			);
			path = KonkukInfoRepository;
			sourceTree = "<group>";
		};
		14644EA129B1A47C00176342 /* KonkukInfoList */ = {
			isa = PBXGroup;
			children = (
				14644EA229B1A48500176342 /* JSONKonkukInfoList.swift */,
				145C67AE29B2E70F0044544C /* UserKonkukInfoList.swift */,
				14644E9B29B1A1CE00176342 /* KonkukInfo.swift */,
			);
			path = KonkukInfoList;
			sourceTree = "<group>";
		};
		14644EA429B1A8EA00176342 /* Interface */ = {
			isa = PBXGroup;
			children = (
				145C67C229B302DE0044544C /* DarkModeRepository */,
				1482F5E729B20984000B5320 /* GuideRepository */,
				1482F5CE29B1EC10000B5320 /* LocationRepository */,
				14644EA529B1A8F300176342 /* KonkukInfoRepository */,
				14F9D52E29B1D07D0005B74F /* UserRepository */,
			);
			path = Interface;
			sourceTree = "<group>";
		};
		14644EA529B1A8F300176342 /* KonkukInfoRepository */ = {
			isa = PBXGroup;
			children = (
				14644EA629B1A91A00176342 /* KonkukInfoRepository.swift */,
			);
			path = KonkukInfoRepository;
			sourceTree = "<group>";
		};
		14644EA829B1A9CC00176342 /* Print */ = {
			isa = PBXGroup;
			children = (
				14644EA929B1A9D000176342 /* print.swift */,
			);
			path = Print;
			sourceTree = "<group>";
		};
		1482F5CE29B1EC10000B5320 /* LocationRepository */ = {
			isa = PBXGroup;
			children = (
				1482F5CF29B1EC1C000B5320 /* LocationRepository.swift */,
			);
			path = LocationRepository;
			sourceTree = "<group>";
		};
		1482F5D129B1EC3E000B5320 /* Location */ = {
			isa = PBXGroup;
			children = (
				1482F5D229B1EC48000B5320 /* AuthorizationStatus.swift */,
				1482F5DF29B1EF1C000B5320 /* LocationStatus.swift */,
				1482F5E229B1EFB6000B5320 /* GameCoordinate.swift */,
			);
			path = Location;
			sourceTree = "<group>";
		};
		1482F5D429B1ECBC000B5320 /* LocationRepository */ = {
			isa = PBXGroup;
			children = (
				1482F5D629B1ECDE000B5320 /* DefaultLocationRepository.swift */,
			);
			path = LocationRepository;
			sourceTree = "<group>";
		};
		1482F5D529B1ECCD000B5320 /* Repository */ = {
			isa = PBXGroup;
			children = (
				145C67BF29B301390044544C /* DarkModeRepository */,
				1482F5E629B2097D000B5320 /* GuideRepository */,
				1482F5D429B1ECBC000B5320 /* LocationRepository */,
				14644E9D29B1A24500176342 /* KonkukInfoRepository */,
				14F9D52D29B1D06B0005B74F /* UserRepository */,
			);
			path = Repository;
			sourceTree = "<group>";
		};
		1482F5D829B1EDE1000B5320 /* LocationUseCase */ = {
			isa = PBXGroup;
			children = (
				1482F5D929B1EDEC000B5320 /* LocationUseCase.swift */,
				1482F5DC29B1EE48000B5320 /* DefaultLocationUseCase.swift */,
			);
			path = LocationUseCase;
			sourceTree = "<group>";
		};
		1482F5E629B2097D000B5320 /* GuideRepository */ = {
			isa = PBXGroup;
			children = (
				1482F5EA29B209B3000B5320 /* DefaultGuideRepository.swift */,
			);
			path = GuideRepository;
			sourceTree = "<group>";
		};
		1482F5E729B20984000B5320 /* GuideRepository */ = {
			isa = PBXGroup;
			children = (
				1482F5E829B2098D000B5320 /* GuideRepository.swift */,
			);
			path = GuideRepository;
			sourceTree = "<group>";
		};
		1482F5EC29B20A48000B5320 /* GuideUseCase */ = {
			isa = PBXGroup;
			children = (
				1482F5ED29B20A51000B5320 /* GuideUseCase.swift */,
				1482F5EF29B20A67000B5320 /* DefaultGuideUseCase.swift */,
			);
			path = GuideUseCase;
			sourceTree = "<group>";
		};
		14F9D51F29B1C6130005B74F /* User */ = {
			isa = PBXGroup;
			children = (
				14F9D52029B1C6160005B74F /* User.swift */,
			);
			path = User;
			sourceTree = "<group>";
		};
		14F9D52629B1C6FB0005B74F /* Manager */ = {
			isa = PBXGroup;
			children = (
				14F9D52729B1C7030005B74F /* KeyChainManager.swift */,
				14F9D53429B1DA450005B74F /* LocationManager.swift */,
				145C67B729B2F5D30044544C /* UserDefaultManager.swift */,
				145C67BD29B2F85C0044544C /* DarkModeManager.swift */,
			);
			path = Manager;
			sourceTree = "<group>";
		};
		14F9D52D29B1D06B0005B74F /* UserRepository */ = {
			isa = PBXGroup;
			children = (
				145A28A629AF59AC008CCBC7 /* DefaultUserRepository.swift */,
			);
			path = UserRepository;
			sourceTree = "<group>";
		};
		14F9D52E29B1D07D0005B74F /* UserRepository */ = {
			isa = PBXGroup;
			children = (
				14F9D52F29B1D08C0005B74F /* UserRepository.swift */,
			);
			path = UserRepository;
			sourceTree = "<group>";
		};
		14F9D53129B1D4BA0005B74F /* UserUseCase */ = {
			isa = PBXGroup;
			children = (
				145A28A829AF59B2008CCBC7 /* UserUseCase.swift */,
				14F9D53229B1D4C40005B74F /* DefaultUserUseCase.swift */,
			);
			path = UserUseCase;
			sourceTree = "<group>";
		};
		14FE77D529B0362400900EEC /* Model */ = {
			isa = PBXGroup;
			children = (
				1482F5D129B1EC3E000B5320 /* Location */,
				14F9D51F29B1C6130005B74F /* User */,
				14644EA129B1A47C00176342 /* KonkukInfoList */,
				14FE77D729B0364E00900EEC /* GuideInfo.swift */,
			);
			path = Model;
			sourceTree = "<group>";
		};
		14FE77D629B0362700900EEC /* UseCase */ = {
			isa = PBXGroup;
			children = (
				1482F5EC29B20A48000B5320 /* GuideUseCase */,
				1482F5D829B1EDE1000B5320 /* LocationUseCase */,
				145C67A529B2E4840044544C /* KonkukInfoUseCase */,
				14F9D53129B1D4BA0005B74F /* UserUseCase */,
			);
			path = UseCase;
			sourceTree = "<group>";
		};
		14FE77D929B0366A00900EEC /* View */ = {
			isa = PBXGroup;
			children = (
				14FE77E329B03AC400900EEC /* Cell */,
				14FE77DB29B0367C00900EEC /* GuideView.swift */,
			);
			path = View;
			sourceTree = "<group>";
		};
		14FE77DA29B0367500900EEC /* ViewModel */ = {
			isa = PBXGroup;
			children = (
				14FE77DD29B0368100900EEC /* GuideViewModel.swift */,
			);
			path = ViewModel;
			sourceTree = "<group>";
		};
		14FE77E329B03AC400900EEC /* Cell */ = {
			isa = PBXGroup;
			children = (
				14FE77E429B03ADF00900EEC /* GuideCollectionCell.swift */,
			);
			path = Cell;
			sourceTree = "<group>";
		};
		14FE77E629B03B4300900EEC /* Protocol */ = {
			isa = PBXGroup;
			children = (
				14FE77E729B03B5000900EEC /* ReusableView.swift */,
			);
			path = Protocol;
			sourceTree = "<group>";
		};
		14FE77E929B03B5600900EEC /* UI */ = {
			isa = PBXGroup;
			children = (
				14FE77EA29B03B7400900EEC /* UICollectionViewCell.swift */,
				142F018829B089F6001D5DCD /* UITableView+.swift */,
				14644E9129B1860A00176342 /* UIViewController+Alert.swift */,
			);
			path = UI;
			sourceTree = "<group>";
		};
/* End PBXGroup section */

/* Begin PBXNativeTarget section */
		142A2F3929AF34C900ACFFDD /* kukuku */ = {
			isa = PBXNativeTarget;
			buildConfigurationList = 142A2F4E29AF34CA00ACFFDD /* Build configuration list for PBXNativeTarget "kukuku" */;
			buildPhases = (
				142A2F3629AF34C900ACFFDD /* Sources */,
				142A2F3729AF34C900ACFFDD /* Frameworks */,
				142A2F3829AF34C900ACFFDD /* Resources */,
				1429329329AF900B009B9B7F /* Swift Lint */,
			);
			buildRules = (
			);
			dependencies = (
			);
			name = kukuku;
			packageProductDependencies = (
				142A2F5229AF4A0400ACFFDD /* PinLayout */,
				145A289B29AF4F56008CCBC7 /* FlexLayout */,
			);
			productName = kukuku;
			productReference = 142A2F3A29AF34C900ACFFDD /* kukuku.app */;
			productType = "com.apple.product-type.application";
		};
/* End PBXNativeTarget section */

/* Begin PBXProject section */
		142A2F3229AF34C900ACFFDD /* Project object */ = {
			isa = PBXProject;
			attributes = {
				BuildIndependentTargetsInParallel = 1;
				LastSwiftUpdateCheck = 1420;
				LastUpgradeCheck = 1420;
				TargetAttributes = {
					142A2F3929AF34C900ACFFDD = {
						CreatedOnToolsVersion = 14.2;
					};
				};
			};
			buildConfigurationList = 142A2F3529AF34C900ACFFDD /* Build configuration list for PBXProject "kukuku" */;
			compatibilityVersion = "Xcode 14.0";
			developmentRegion = en;
			hasScannedForEncodings = 0;
			knownRegions = (
				en,
				Base,
			);
			mainGroup = 142A2F3129AF34C900ACFFDD;
			packageReferences = (
				142A2F5129AF4A0400ACFFDD /* XCRemoteSwiftPackageReference "PinLayout" */,
				145A289A29AF4F56008CCBC7 /* XCRemoteSwiftPackageReference "FlexLayout" */,
			);
			productRefGroup = 142A2F3B29AF34C900ACFFDD /* Products */;
			projectDirPath = "";
			projectRoot = "";
			targets = (
				142A2F3929AF34C900ACFFDD /* kukuku */,
			);
		};
/* End PBXProject section */

/* Begin PBXResourcesBuildPhase section */
		142A2F3829AF34C900ACFFDD /* Resources */ = {
			isa = PBXResourcesBuildPhase;
			buildActionMask = 2147483647;
			files = (
				142A2F4A29AF34CA00ACFFDD /* LaunchScreen.storyboard in Resources */,
				1482F5F229B20BA5000B5320 /* Images.xcassets in Resources */,
				142A2F4729AF34CA00ACFFDD /* Assets.xcassets in Resources */,
				14644EA029B1A44300176342 /* KonkukInfoList.json in Resources */,
			);
			runOnlyForDeploymentPostprocessing = 0;
		};
/* End PBXResourcesBuildPhase section */

/* Begin PBXShellScriptBuildPhase section */
		1429329329AF900B009B9B7F /* Swift Lint */ = {
			isa = PBXShellScriptBuildPhase;
			alwaysOutOfDate = 1;
			buildActionMask = 2147483647;
			files = (
			);
			inputFileListPaths = (
			);
			inputPaths = (
			);
			name = "Swift Lint";
			outputFileListPaths = (
			);
			outputPaths = (
			);
			runOnlyForDeploymentPostprocessing = 0;
			shellPath = /bin/sh;
			shellScript = "export PATH=\"$PATH:/opt/homebrew/bin\"\nif which swiftlint > /dev/null; then\n  swiftlint --fix --config \".swiftlint.auto.yml\" && swiftlint\nelse\n  echo \"warning: SwiftLint not installed, download from https://github.com/realm/SwiftLint\"\nfi\n";
		};
/* End PBXShellScriptBuildPhase section */

/* Begin PBXSourcesBuildPhase section */
		142A2F3629AF34C900ACFFDD /* Sources */ = {
			isa = PBXSourcesBuildPhase;
			buildActionMask = 2147483647;
			files = (
				1482F5EB29B209B3000B5320 /* DefaultGuideRepository.swift in Sources */,
				142F01AD29B0B865001D5DCD /* KonkukInfoDetailViewController.swift in Sources */,
				145A28BB29AF60A1008CCBC7 /* HomeView.swift in Sources */,
				1429327D29AF8C07009B9B7F /* HomeViewModel.swift in Sources */,
				142F018129B084EB001D5DCD /* SettingSection.swift in Sources */,
				142A2F4229AF34C900ACFFDD /* HomeViewController.swift in Sources */,
				142F019829B09D27001D5DCD /* SettingLanguageViewController.swift in Sources */,
				145A28A929AF59B2008CCBC7 /* UserUseCase.swift in Sources */,
				142F018929B089F6001D5DCD /* UITableView+.swift in Sources */,
				14644E9029B1839700176342 /* DarkModeKind.swift in Sources */,
				142F017E29B08026001D5DCD /* SettingView.swift in Sources */,
				142A2F3E29AF34C900ACFFDD /* AppDelegate.swift in Sources */,
				14644E8929B17DFC00176342 /* KUContainTableView.swift in Sources */,
				145C67BE29B2F85C0044544C /* DarkModeManager.swift in Sources */,
				1482F5E329B1EFB6000B5320 /* GameCoordinate.swift in Sources */,
				1482F5DD29B1EE48000B5320 /* DefaultLocationUseCase.swift in Sources */,
				1482F5D029B1EC1C000B5320 /* LocationRepository.swift in Sources */,
				1482F5F029B20A67000B5320 /* DefaultGuideUseCase.swift in Sources */,
				14644E9F29B1A25E00176342 /* DefaultKonkukInfoRepository.swift in Sources */,
				142F019E29B0A9B9001D5DCD /* KonkukInfoListView.swift in Sources */,
				14644E8329B176B200176342 /* SettingLanguageView.swift in Sources */,
				1429328729AF8C2E009B9B7F /* SettingViewController.swift in Sources */,
				14644E8629B178BA00176342 /* SettingCheckCell.swift in Sources */,
				14FE77EB29B03B7400900EEC /* UICollectionViewCell.swift in Sources */,
				145A28B329AF5CA4008CCBC7 /* UIFont+.swift in Sources */,
				14644EAA29B1A9D000176342 /* print.swift in Sources */,
				1482F5E929B2098D000B5320 /* GuideRepository.swift in Sources */,
				145A28A729AF59AC008CCBC7 /* DefaultUserRepository.swift in Sources */,
				14FE77DE29B0368100900EEC /* GuideViewModel.swift in Sources */,
				14644E9C29B1A1CE00176342 /* KonkukInfo.swift in Sources */,
				14F9D53029B1D08C0005B74F /* UserRepository.swift in Sources */,
				145C67C429B302E60044544C /* DarkModeRepository.swift in Sources */,
				1482F5E029B1EF1C000B5320 /* LocationStatus.swift in Sources */,
				14644E8D29B1818D00176342 /* SettingDarkModeView.swift in Sources */,
				1429327F29AF8C13009B9B7F /* KonkukInfoListViewController.swift in Sources */,
				14644EA329B1A48500176342 /* JSONKonkukInfoList.swift in Sources */,
				145C67B829B2F5D30044544C /* UserDefaultManager.swift in Sources */,
				14FE77DC29B0367C00900EEC /* GuideView.swift in Sources */,
				14F9D52829B1C7030005B74F /* KeyChainManager.swift in Sources */,
				1429329A29AF9222009B9B7F /* UIControl+Combine.swift in Sources */,
				1482F5DA29B1EDEC000B5320 /* LocationUseCase.swift in Sources */,
				14644E9229B1860A00176342 /* UIViewController+Alert.swift in Sources */,
				1482F5D729B1ECDE000B5320 /* DefaultLocationRepository.swift in Sources */,
				142F01A129B0AB25001D5DCD /* KonkukInfoListCell.swift in Sources */,
				14F9D53329B1D4C40005B74F /* DefaultUserUseCase.swift in Sources */,
				142F01B029B0B889001D5DCD /* KonkukInfoDetailView.swift in Sources */,
				145C67A429B2E44A0044544C /* KonkukInfoListViewModel.swift in Sources */,
				145C67C129B301470044544C /* DefaultDarkModeRepository.swift in Sources */,
				14F9D53529B1DA450005B74F /* LocationManager.swift in Sources */,
				14FE77E829B03B5000900EEC /* ReusableView.swift in Sources */,
				1429327929AF8982009B9B7F /* KuDefaultButton.swift in Sources */,
				145A28B529AF5DDF008CCBC7 /* UIImage+Icon.swift in Sources */,
				142F018329B084FF001D5DCD /* SettingCellKind.swift in Sources */,
				142A2F4029AF34C900ACFFDD /* SceneDelegate.swift in Sources */,
				145C67A929B2E49F0044544C /* DefaultKonkukInfoUseCase.swift in Sources */,
				14FE77D829B0364E00900EEC /* GuideInfo.swift in Sources */,
				142F01A629B0B029001D5DCD /* ARGameViewModel.swift in Sources */,
				142F018529B08588001D5DCD /* AppInfoCellKind.swift in Sources */,
				14644EA729B1A91A00176342 /* KonkukInfoRepository.swift in Sources */,
				1482F5EE29B20A51000B5320 /* GuideUseCase.swift in Sources */,
				1429328329AF8C22009B9B7F /* GuideViewController.swift in Sources */,
				145C67A729B2E4960044544C /* KonkukInfoUseCase.swift in Sources */,
				14F9D52129B1C6160005B74F /* User.swift in Sources */,
				142F019229B09525001D5DCD /* SettingSectionHeader.swift in Sources */,
				1482F5D329B1EC48000B5320 /* AuthorizationStatus.swift in Sources */,
				145C67B529B2F54E0044544C /* SettingViewModel.swift in Sources */,
				145C67AF29B2E70F0044544C /* UserKonkukInfoList.swift in Sources */,
				145A28AD29AF5BB8008CCBC7 /* UIColor+.swift in Sources */,
				14FE77E529B03ADF00900EEC /* GuideCollectionCell.swift in Sources */,
				1429328B29AF8C41009B9B7F /* ARGameViewController.swift in Sources */,
				142F01A829B0B030001D5DCD /* ARGameView.swift in Sources */,
				142F019629B09D02001D5DCD /* SettingDarkMoveViewController.swift in Sources */,
				142F018729B089CB001D5DCD /* SettingCell.swift in Sources */,
			);
			runOnlyForDeploymentPostprocessing = 0;
		};
/* End PBXSourcesBuildPhase section */

/* Begin PBXVariantGroup section */
		142A2F4829AF34CA00ACFFDD /* LaunchScreen.storyboard */ = {
			isa = PBXVariantGroup;
			children = (
				142A2F4929AF34CA00ACFFDD /* Base */,
			);
			name = LaunchScreen.storyboard;
			sourceTree = "<group>";
		};
/* End PBXVariantGroup section */

/* Begin XCBuildConfiguration section */
		142A2F4C29AF34CA00ACFFDD /* Debug */ = {
			isa = XCBuildConfiguration;
			buildSettings = {
				ALWAYS_SEARCH_USER_PATHS = NO;
				CLANG_ANALYZER_NONNULL = YES;
				CLANG_ANALYZER_NUMBER_OBJECT_CONVERSION = YES_AGGRESSIVE;
				CLANG_CXX_LANGUAGE_STANDARD = "gnu++20";
				CLANG_ENABLE_MODULES = YES;
				CLANG_ENABLE_OBJC_ARC = YES;
				CLANG_ENABLE_OBJC_WEAK = YES;
				CLANG_WARN_BLOCK_CAPTURE_AUTORELEASING = YES;
				CLANG_WARN_BOOL_CONVERSION = YES;
				CLANG_WARN_COMMA = YES;
				CLANG_WARN_CONSTANT_CONVERSION = YES;
				CLANG_WARN_DEPRECATED_OBJC_IMPLEMENTATIONS = YES;
				CLANG_WARN_DIRECT_OBJC_ISA_USAGE = YES_ERROR;
				CLANG_WARN_DOCUMENTATION_COMMENTS = YES;
				CLANG_WARN_EMPTY_BODY = YES;
				CLANG_WARN_ENUM_CONVERSION = YES;
				CLANG_WARN_INFINITE_RECURSION = YES;
				CLANG_WARN_INT_CONVERSION = YES;
				CLANG_WARN_NON_LITERAL_NULL_CONVERSION = YES;
				CLANG_WARN_OBJC_IMPLICIT_RETAIN_SELF = YES;
				CLANG_WARN_OBJC_LITERAL_CONVERSION = YES;
				CLANG_WARN_OBJC_ROOT_CLASS = YES_ERROR;
				CLANG_WARN_QUOTED_INCLUDE_IN_FRAMEWORK_HEADER = YES;
				CLANG_WARN_RANGE_LOOP_ANALYSIS = YES;
				CLANG_WARN_STRICT_PROTOTYPES = YES;
				CLANG_WARN_SUSPICIOUS_MOVE = YES;
				CLANG_WARN_UNGUARDED_AVAILABILITY = YES_AGGRESSIVE;
				CLANG_WARN_UNREACHABLE_CODE = YES;
				CLANG_WARN__DUPLICATE_METHOD_MATCH = YES;
				COPY_PHASE_STRIP = NO;
				DEBUG_INFORMATION_FORMAT = dwarf;
				ENABLE_STRICT_OBJC_MSGSEND = YES;
				ENABLE_TESTABILITY = YES;
				GCC_C_LANGUAGE_STANDARD = gnu11;
				GCC_DYNAMIC_NO_PIC = NO;
				GCC_NO_COMMON_BLOCKS = YES;
				GCC_OPTIMIZATION_LEVEL = 0;
				GCC_PREPROCESSOR_DEFINITIONS = (
					"DEBUG=1",
					"$(inherited)",
				);
				"GCC_PREPROCESSOR_DEFINITIONS[arch=*]" = "";
				GCC_WARN_64_TO_32_BIT_CONVERSION = YES;
				GCC_WARN_ABOUT_RETURN_TYPE = YES_ERROR;
				GCC_WARN_UNDECLARED_SELECTOR = YES;
				GCC_WARN_UNINITIALIZED_AUTOS = YES_AGGRESSIVE;
				GCC_WARN_UNUSED_FUNCTION = YES;
				GCC_WARN_UNUSED_VARIABLE = YES;
				IPHONEOS_DEPLOYMENT_TARGET = 16.2;
				MTL_ENABLE_DEBUG_INFO = INCLUDE_SOURCE;
				MTL_FAST_MATH = YES;
				ONLY_ACTIVE_ARCH = YES;
				SDKROOT = iphoneos;
				SWIFT_ACTIVE_COMPILATION_CONDITIONS = DEBUG;
				SWIFT_OPTIMIZATION_LEVEL = "-Onone";
			};
			name = Debug;
		};
		142A2F4D29AF34CA00ACFFDD /* Release */ = {
			isa = XCBuildConfiguration;
			buildSettings = {
				ALWAYS_SEARCH_USER_PATHS = NO;
				CLANG_ANALYZER_NONNULL = YES;
				CLANG_ANALYZER_NUMBER_OBJECT_CONVERSION = YES_AGGRESSIVE;
				CLANG_CXX_LANGUAGE_STANDARD = "gnu++20";
				CLANG_ENABLE_MODULES = YES;
				CLANG_ENABLE_OBJC_ARC = YES;
				CLANG_ENABLE_OBJC_WEAK = YES;
				CLANG_WARN_BLOCK_CAPTURE_AUTORELEASING = YES;
				CLANG_WARN_BOOL_CONVERSION = YES;
				CLANG_WARN_COMMA = YES;
				CLANG_WARN_CONSTANT_CONVERSION = YES;
				CLANG_WARN_DEPRECATED_OBJC_IMPLEMENTATIONS = YES;
				CLANG_WARN_DIRECT_OBJC_ISA_USAGE = YES_ERROR;
				CLANG_WARN_DOCUMENTATION_COMMENTS = YES;
				CLANG_WARN_EMPTY_BODY = YES;
				CLANG_WARN_ENUM_CONVERSION = YES;
				CLANG_WARN_INFINITE_RECURSION = YES;
				CLANG_WARN_INT_CONVERSION = YES;
				CLANG_WARN_NON_LITERAL_NULL_CONVERSION = YES;
				CLANG_WARN_OBJC_IMPLICIT_RETAIN_SELF = YES;
				CLANG_WARN_OBJC_LITERAL_CONVERSION = YES;
				CLANG_WARN_OBJC_ROOT_CLASS = YES_ERROR;
				CLANG_WARN_QUOTED_INCLUDE_IN_FRAMEWORK_HEADER = YES;
				CLANG_WARN_RANGE_LOOP_ANALYSIS = YES;
				CLANG_WARN_STRICT_PROTOTYPES = YES;
				CLANG_WARN_SUSPICIOUS_MOVE = YES;
				CLANG_WARN_UNGUARDED_AVAILABILITY = YES_AGGRESSIVE;
				CLANG_WARN_UNREACHABLE_CODE = YES;
				CLANG_WARN__DUPLICATE_METHOD_MATCH = YES;
				COPY_PHASE_STRIP = NO;
				DEBUG_INFORMATION_FORMAT = "dwarf-with-dsym";
				ENABLE_NS_ASSERTIONS = NO;
				ENABLE_STRICT_OBJC_MSGSEND = YES;
				GCC_C_LANGUAGE_STANDARD = gnu11;
				GCC_NO_COMMON_BLOCKS = YES;
				GCC_WARN_64_TO_32_BIT_CONVERSION = YES;
				GCC_WARN_ABOUT_RETURN_TYPE = YES_ERROR;
				GCC_WARN_UNDECLARED_SELECTOR = YES;
				GCC_WARN_UNINITIALIZED_AUTOS = YES_AGGRESSIVE;
				GCC_WARN_UNUSED_FUNCTION = YES;
				GCC_WARN_UNUSED_VARIABLE = YES;
				IPHONEOS_DEPLOYMENT_TARGET = 16.2;
				MTL_ENABLE_DEBUG_INFO = NO;
				MTL_FAST_MATH = YES;
				SDKROOT = iphoneos;
				SWIFT_COMPILATION_MODE = wholemodule;
				SWIFT_OPTIMIZATION_LEVEL = "-O";
				VALIDATE_PRODUCT = YES;
			};
			name = Release;
		};
		142A2F4F29AF34CA00ACFFDD /* Debug */ = {
			isa = XCBuildConfiguration;
			buildSettings = {
				ASSETCATALOG_COMPILER_APPICON_NAME = AppIcon;
				ASSETCATALOG_COMPILER_GLOBAL_ACCENT_COLOR_NAME = AccentColor;
				CODE_SIGN_STYLE = Automatic;
				CURRENT_PROJECT_VERSION = 1;
				DEVELOPMENT_TEAM = YK6FBNFSV5;
				"GCC_PREPROCESSOR_DEFINITIONS[arch=*]" = "FLEXLAYOUT_SWIFT_PACKAGE=1";
				GENERATE_INFOPLIST_FILE = YES;
				INFOPLIST_FILE = kukuku/Info.plist;
				INFOPLIST_KEY_NSCameraUsageDescription = "AR 기능을 이용하기 위해 위치 정보가 필요합니다";
				INFOPLIST_KEY_NSLocationWhenInUseUsageDescription = "AR 기능을 이용하기 위해 카메라 권한이 필요합니다.";
				INFOPLIST_KEY_UIApplicationSupportsIndirectInputEvents = YES;
				INFOPLIST_KEY_UILaunchStoryboardName = LaunchScreen;
				INFOPLIST_KEY_UISupportedInterfaceOrientations = UIInterfaceOrientationPortrait;
				INFOPLIST_KEY_UISupportedInterfaceOrientations_iPad = "UIInterfaceOrientationLandscapeLeft UIInterfaceOrientationLandscapeRight UIInterfaceOrientationPortrait UIInterfaceOrientationPortraitUpsideDown";
				IPHONEOS_DEPLOYMENT_TARGET = 15.0;
				LD_RUNPATH_SEARCH_PATHS = (
					"$(inherited)",
					"@executable_path/Frameworks",
				);
				MARKETING_VERSION = 1.0.0;
				PRODUCT_BUNDLE_IDENTIFIER = com.youtak.kukuku;
				PRODUCT_NAME = "$(TARGET_NAME)";
				SUPPORTED_PLATFORMS = "iphoneos iphonesimulator";
				SUPPORTS_MACCATALYST = NO;
				SUPPORTS_MAC_DESIGNED_FOR_IPHONE_IPAD = NO;
				SWIFT_EMIT_LOC_STRINGS = YES;
				SWIFT_VERSION = 5.0;
				TARGETED_DEVICE_FAMILY = 1;
			};
			name = Debug;
		};
		142A2F5029AF34CA00ACFFDD /* Release */ = {
			isa = XCBuildConfiguration;
			buildSettings = {
				ASSETCATALOG_COMPILER_APPICON_NAME = AppIcon;
				ASSETCATALOG_COMPILER_GLOBAL_ACCENT_COLOR_NAME = AccentColor;
				CODE_SIGN_STYLE = Automatic;
				CURRENT_PROJECT_VERSION = 1;
				DEVELOPMENT_TEAM = YK6FBNFSV5;
				"GCC_PREPROCESSOR_DEFINITIONS[arch=*]" = "FLEXLAYOUT_SWIFT_PACKAGE=1";
				GENERATE_INFOPLIST_FILE = YES;
				INFOPLIST_FILE = kukuku/Info.plist;
				INFOPLIST_KEY_NSCameraUsageDescription = "AR 기능을 이용하기 위해 위치 정보가 필요합니다";
				INFOPLIST_KEY_NSLocationWhenInUseUsageDescription = "AR 기능을 이용하기 위해 카메라 권한이 필요합니다.";
				INFOPLIST_KEY_UIApplicationSupportsIndirectInputEvents = YES;
				INFOPLIST_KEY_UILaunchStoryboardName = LaunchScreen;
				INFOPLIST_KEY_UISupportedInterfaceOrientations = UIInterfaceOrientationPortrait;
				INFOPLIST_KEY_UISupportedInterfaceOrientations_iPad = "UIInterfaceOrientationLandscapeLeft UIInterfaceOrientationLandscapeRight UIInterfaceOrientationPortrait UIInterfaceOrientationPortraitUpsideDown";
				IPHONEOS_DEPLOYMENT_TARGET = 15.0;
				LD_RUNPATH_SEARCH_PATHS = (
					"$(inherited)",
					"@executable_path/Frameworks",
				);
				MARKETING_VERSION = 1.0.0;
				PRODUCT_BUNDLE_IDENTIFIER = com.youtak.kukuku;
				PRODUCT_NAME = "$(TARGET_NAME)";
				SUPPORTED_PLATFORMS = "iphoneos iphonesimulator";
				SUPPORTS_MACCATALYST = NO;
				SUPPORTS_MAC_DESIGNED_FOR_IPHONE_IPAD = NO;
				SWIFT_EMIT_LOC_STRINGS = YES;
				SWIFT_VERSION = 5.0;
				TARGETED_DEVICE_FAMILY = 1;
			};
			name = Release;
		};
/* End XCBuildConfiguration section */

/* Begin XCConfigurationList section */
		142A2F3529AF34C900ACFFDD /* Build configuration list for PBXProject "kukuku" */ = {
			isa = XCConfigurationList;
			buildConfigurations = (
				142A2F4C29AF34CA00ACFFDD /* Debug */,
				142A2F4D29AF34CA00ACFFDD /* Release */,
			);
			defaultConfigurationIsVisible = 0;
			defaultConfigurationName = Release;
		};
		142A2F4E29AF34CA00ACFFDD /* Build configuration list for PBXNativeTarget "kukuku" */ = {
			isa = XCConfigurationList;
			buildConfigurations = (
				142A2F4F29AF34CA00ACFFDD /* Debug */,
				142A2F5029AF34CA00ACFFDD /* Release */,
			);
			defaultConfigurationIsVisible = 0;
			defaultConfigurationName = Release;
		};
/* End XCConfigurationList section */

/* Begin XCRemoteSwiftPackageReference section */
		142A2F5129AF4A0400ACFFDD /* XCRemoteSwiftPackageReference "PinLayout" */ = {
			isa = XCRemoteSwiftPackageReference;
			repositoryURL = "https://github.com/layoutBox/PinLayout";
			requirement = {
				kind = upToNextMinorVersion;
				minimumVersion = 1.9.0;
			};
		};
		145A289A29AF4F56008CCBC7 /* XCRemoteSwiftPackageReference "FlexLayout" */ = {
			isa = XCRemoteSwiftPackageReference;
			repositoryURL = "https://github.com/layoutBox/FlexLayout";
			requirement = {
				branch = master;
				kind = branch;
			};
		};
/* End XCRemoteSwiftPackageReference section */

/* Begin XCSwiftPackageProductDependency section */
		142A2F5229AF4A0400ACFFDD /* PinLayout */ = {
			isa = XCSwiftPackageProductDependency;
			package = 142A2F5129AF4A0400ACFFDD /* XCRemoteSwiftPackageReference "PinLayout" */;
			productName = PinLayout;
		};
		145A289B29AF4F56008CCBC7 /* FlexLayout */ = {
			isa = XCSwiftPackageProductDependency;
			package = 145A289A29AF4F56008CCBC7 /* XCRemoteSwiftPackageReference "FlexLayout" */;
			productName = FlexLayout;
		};
/* End XCSwiftPackageProductDependency section */
	};
	rootObject = 142A2F3229AF34C900ACFFDD /* Project object */;
}
